// !$*UTF8*$!
{
	archiveVersion = 1;
	classes = {
	};
	objectVersion = 45;
	objects = {

/* Begin PBXBuildFile section */
		1D3623260D0F684500981E51 /* tweet_only_iphoneAppDelegate.m in Sources */ = {isa = PBXBuildFile; fileRef = 1D3623250D0F684500981E51 /* tweet_only_iphoneAppDelegate.m */; };
		1D60589B0D05DD56006BFB54 /* main.m in Sources */ = {isa = PBXBuildFile; fileRef = 29B97316FDCFA39411CA2CEA /* main.m */; };
		1D60589F0D05DD5A006BFB54 /* Foundation.framework in Frameworks */ = {isa = PBXBuildFile; fileRef = 1D30AB110D05D00D00671497 /* Foundation.framework */; };
		1DF5F4E00D08C38300B7A737 /* UIKit.framework in Frameworks */ = {isa = PBXBuildFile; fileRef = 1DF5F4DF0D08C38300B7A737 /* UIKit.framework */; };
		288765080DF74369002DB57D /* CoreGraphics.framework in Frameworks */ = {isa = PBXBuildFile; fileRef = 288765070DF74369002DB57D /* CoreGraphics.framework */; };
		B42E7E981082E40700092982 /* AccountEditViewController.xib in Resources */ = {isa = PBXBuildFile; fileRef = B42E7E971082E40700092982 /* AccountEditViewController.xib */; };
		B42E7F3E1082F71B00092982 /* black-checkmark.png in Resources */ = {isa = PBXBuildFile; fileRef = B42E7F3D1082F71B00092982 /* black-checkmark.png */; };
		B42E7FC81082FF5B00092982 /* empty-checkmark-area.png in Resources */ = {isa = PBXBuildFile; fileRef = B42E7FC71082FF5B00092982 /* empty-checkmark-area.png */; };
		B42E81871083915600092982 /* 01-refresh.png in Resources */ = {isa = PBXBuildFile; fileRef = B42E813D1083915600092982 /* 01-refresh.png */; };
		B42E81881083915600092982 /* 02-redo.png in Resources */ = {isa = PBXBuildFile; fileRef = B42E813E1083915600092982 /* 02-redo.png */; };
		B42E81891083915600092982 /* 03-loopback.png in Resources */ = {isa = PBXBuildFile; fileRef = B42E813F1083915600092982 /* 03-loopback.png */; };
		B42E818A1083915600092982 /* 04-squiggle.png in Resources */ = {isa = PBXBuildFile; fileRef = B42E81401083915600092982 /* 04-squiggle.png */; };
		B42E818B1083915600092982 /* 05-shuffle.png in Resources */ = {isa = PBXBuildFile; fileRef = B42E81411083915600092982 /* 05-shuffle.png */; };
		B42E818C1083915600092982 /* 07-map-marker.png in Resources */ = {isa = PBXBuildFile; fileRef = B42E81421083915600092982 /* 07-map-marker.png */; };
		B42E818D1083915600092982 /* 08-chat.png in Resources */ = {isa = PBXBuildFile; fileRef = B42E81431083915600092982 /* 08-chat.png */; };
		B42E818E1083915600092982 /* 09-chat2.png in Resources */ = {isa = PBXBuildFile; fileRef = B42E81441083915600092982 /* 09-chat2.png */; };
		B42E818F1083915600092982 /* 10-medical.png in Resources */ = {isa = PBXBuildFile; fileRef = B42E81451083915600092982 /* 10-medical.png */; };
		B42E81901083915600092982 /* 11-clock.png in Resources */ = {isa = PBXBuildFile; fileRef = B42E81461083915600092982 /* 11-clock.png */; };
		B42E81911083915600092982 /* 12-eye.png in Resources */ = {isa = PBXBuildFile; fileRef = B42E81471083915600092982 /* 12-eye.png */; };
		B42E81921083915600092982 /* 13-target.png in Resources */ = {isa = PBXBuildFile; fileRef = B42E81481083915600092982 /* 13-target.png */; };
		B42E81931083915600092982 /* 14-tag.png in Resources */ = {isa = PBXBuildFile; fileRef = B42E81491083915600092982 /* 14-tag.png */; };
		B42E81941083915600092982 /* 15-tags.png in Resources */ = {isa = PBXBuildFile; fileRef = B42E814A1083915600092982 /* 15-tags.png */; };
		B42E81951083915600092982 /* 16-line-chart.png in Resources */ = {isa = PBXBuildFile; fileRef = B42E814B1083915600092982 /* 16-line-chart.png */; };
		B42E81961083915600092982 /* 17-bar-chart.png in Resources */ = {isa = PBXBuildFile; fileRef = B42E814C1083915600092982 /* 17-bar-chart.png */; };
		B42E81971083915600092982 /* 18-envelope.png in Resources */ = {isa = PBXBuildFile; fileRef = B42E814D1083915600092982 /* 18-envelope.png */; };
		B42E81981083915600092982 /* 19-gear.png in Resources */ = {isa = PBXBuildFile; fileRef = B42E814E1083915600092982 /* 19-gear.png */; };
		B42E81991083915600092982 /* 20-gear2.png in Resources */ = {isa = PBXBuildFile; fileRef = B42E814F1083915600092982 /* 20-gear2.png */; };
		B42E819A1083915600092982 /* 21-skull.png in Resources */ = {isa = PBXBuildFile; fileRef = B42E81501083915600092982 /* 21-skull.png */; };
		B42E819B1083915600092982 /* 22-skull-n-crossbones.png in Resources */ = {isa = PBXBuildFile; fileRef = B42E81511083915600092982 /* 22-skull-n-crossbones.png */; };
		B42E819C1083915600092982 /* 23-bird.png in Resources */ = {isa = PBXBuildFile; fileRef = B42E81521083915600092982 /* 23-bird.png */; };
		B42E819D1083915600092982 /* 24-gift.png in Resources */ = {isa = PBXBuildFile; fileRef = B42E81531083915600092982 /* 24-gift.png */; };
		B42E819E1083915600092982 /* 25-weather.png in Resources */ = {isa = PBXBuildFile; fileRef = B42E81541083915600092982 /* 25-weather.png */; };
		B42E819F1083915600092982 /* 26-bandaid.png in Resources */ = {isa = PBXBuildFile; fileRef = B42E81551083915600092982 /* 26-bandaid.png */; };
		B42E81A01083915600092982 /* 27-planet.png in Resources */ = {isa = PBXBuildFile; fileRef = B42E81561083915600092982 /* 27-planet.png */; };
		B42E81A11083915600092982 /* 28-star.png in Resources */ = {isa = PBXBuildFile; fileRef = B42E81571083915600092982 /* 28-star.png */; };
		B42E81A21083915600092982 /* 29-heart.png in Resources */ = {isa = PBXBuildFile; fileRef = B42E81581083915600092982 /* 29-heart.png */; };
		B42E81A31083915600092982 /* 30-key.png in Resources */ = {isa = PBXBuildFile; fileRef = B42E81591083915600092982 /* 30-key.png */; };
		B42E81A41083915600092982 /* 31-ipod.png in Resources */ = {isa = PBXBuildFile; fileRef = B42E815A1083915600092982 /* 31-ipod.png */; };
		B42E81A51083915600092982 /* 32-iphone.png in Resources */ = {isa = PBXBuildFile; fileRef = B42E815B1083915600092982 /* 32-iphone.png */; };
		B42E81A61083915600092982 /* 33-cabinet.png in Resources */ = {isa = PBXBuildFile; fileRef = B42E815C1083915600092982 /* 33-cabinet.png */; };
		B42E81A71083915600092982 /* 34-coffee.png in Resources */ = {isa = PBXBuildFile; fileRef = B42E815D1083915600092982 /* 34-coffee.png */; };
		B42E81A81083915600092982 /* 35-shopping-bag.png in Resources */ = {isa = PBXBuildFile; fileRef = B42E815E1083915600092982 /* 35-shopping-bag.png */; };
		B42E81A91083915600092982 /* 36-toolbox.png in Resources */ = {isa = PBXBuildFile; fileRef = B42E815F1083915600092982 /* 36-toolbox.png */; };
		B42E81AA1083915600092982 /* 37-suitcase.png in Resources */ = {isa = PBXBuildFile; fileRef = B42E81601083915600092982 /* 37-suitcase.png */; };
		B42E81AB1083915600092982 /* 38-airplane.png in Resources */ = {isa = PBXBuildFile; fileRef = B42E81611083915600092982 /* 38-airplane.png */; };
		B42E81AC1083915600092982 /* 39-spraycan.png in Resources */ = {isa = PBXBuildFile; fileRef = B42E81621083915600092982 /* 39-spraycan.png */; };
		B42E81AD1083915600092982 /* 40-inbox.png in Resources */ = {isa = PBXBuildFile; fileRef = B42E81631083915600092982 /* 40-inbox.png */; };
		B42E81AE1083915600092982 /* 41-picture-frame.png in Resources */ = {isa = PBXBuildFile; fileRef = B42E81641083915600092982 /* 41-picture-frame.png */; };
		B42E81AF1083915600092982 /* 42-photos.png in Resources */ = {isa = PBXBuildFile; fileRef = B42E81651083915600092982 /* 42-photos.png */; };
		B42E81B01083915600092982 /* 43-film-roll.png in Resources */ = {isa = PBXBuildFile; fileRef = B42E81661083915600092982 /* 43-film-roll.png */; };
		B42E81B11083915600092982 /* 44-shoebox.png in Resources */ = {isa = PBXBuildFile; fileRef = B42E81671083915600092982 /* 44-shoebox.png */; };
		B42E81B21083915600092982 /* 45-movie1.png in Resources */ = {isa = PBXBuildFile; fileRef = B42E81681083915600092982 /* 45-movie1.png */; };
		B42E81B31083915600092982 /* 46-movie2.png in Resources */ = {isa = PBXBuildFile; fileRef = B42E81691083915600092982 /* 46-movie2.png */; };
		B42E81B41083915600092982 /* 47-fuel.png in Resources */ = {isa = PBXBuildFile; fileRef = B42E816A1083915600092982 /* 47-fuel.png */; };
		B42E81B51083915600092982 /* 48-fork-and-knife.png in Resources */ = {isa = PBXBuildFile; fileRef = B42E816B1083915600092982 /* 48-fork-and-knife.png */; };
		B42E81B61083915600092982 /* 49-battery.png in Resources */ = {isa = PBXBuildFile; fileRef = B42E816C1083915600092982 /* 49-battery.png */; };
		B42E81B71083915600092982 /* 50-beaker.png in Resources */ = {isa = PBXBuildFile; fileRef = B42E816D1083915600092982 /* 50-beaker.png */; };
		B42E81B81083915600092982 /* 51-outlet.png in Resources */ = {isa = PBXBuildFile; fileRef = B42E816E1083915600092982 /* 51-outlet.png */; };
		B42E81B91083915600092982 /* 52-pinetree.png in Resources */ = {isa = PBXBuildFile; fileRef = B42E816F1083915600092982 /* 52-pinetree.png */; };
		B42E81BA1083915600092982 /* 53-house.png in Resources */ = {isa = PBXBuildFile; fileRef = B42E81701083915600092982 /* 53-house.png */; };
		B42E81BB1083915600092982 /* 54-lock.png in Resources */ = {isa = PBXBuildFile; fileRef = B42E81711083915600092982 /* 54-lock.png */; };
		B42E81BC1083915600092982 /* 55-network.png in Resources */ = {isa = PBXBuildFile; fileRef = B42E81721083915600092982 /* 55-network.png */; };
		B42E81BD1083915600092982 /* 56-cloud.png in Resources */ = {isa = PBXBuildFile; fileRef = B42E81731083915600092982 /* 56-cloud.png */; };
		B42E81BE1083915600092982 /* 57-download.png in Resources */ = {isa = PBXBuildFile; fileRef = B42E81741083915600092982 /* 57-download.png */; };
		B42E81BF1083915600092982 /* 58-bookmark.png in Resources */ = {isa = PBXBuildFile; fileRef = B42E81751083915600092982 /* 58-bookmark.png */; };
		B42E81C01083915600092982 /* 59-flag.png in Resources */ = {isa = PBXBuildFile; fileRef = B42E81761083915600092982 /* 59-flag.png */; };
		B42E81C11083915600092982 /* 60-signpost.png in Resources */ = {isa = PBXBuildFile; fileRef = B42E81771083915600092982 /* 60-signpost.png */; };
		B42E81C21083915600092982 /* 61-brightness.png in Resources */ = {isa = PBXBuildFile; fileRef = B42E81781083915600092982 /* 61-brightness.png */; };
		B42E81C31083915600092982 /* 62-contrast.png in Resources */ = {isa = PBXBuildFile; fileRef = B42E81791083915600092982 /* 62-contrast.png */; };
		B42E81C41083915600092982 /* 63-runner.png in Resources */ = {isa = PBXBuildFile; fileRef = B42E817A1083915600092982 /* 63-runner.png */; };
		B42E81C51083915600092982 /* 64-zap.png in Resources */ = {isa = PBXBuildFile; fileRef = B42E817B1083915600092982 /* 64-zap.png */; };
		B42E81C61083915600092982 /* 65-note.png in Resources */ = {isa = PBXBuildFile; fileRef = B42E817C1083915600092982 /* 65-note.png */; };
		B42E81C71083915600092982 /* 66-microphone.png in Resources */ = {isa = PBXBuildFile; fileRef = B42E817D1083915600092982 /* 66-microphone.png */; };
		B42E81C81083915600092982 /* 67-tshirt.png in Resources */ = {isa = PBXBuildFile; fileRef = B42E817E1083915600092982 /* 67-tshirt.png */; };
		B42E81C91083915600092982 /* 68-display.png in Resources */ = {isa = PBXBuildFile; fileRef = B42E817F1083915600092982 /* 68-display.png */; };
		B42E81CA1083915600092982 /* 69-paperclip.png in Resources */ = {isa = PBXBuildFile; fileRef = B42E81801083915600092982 /* 69-paperclip.png */; };
		B42E81CB1083915600092982 /* 70-tv.png in Resources */ = {isa = PBXBuildFile; fileRef = B42E81811083915600092982 /* 70-tv.png */; };
		B42E81CC1083915600092982 /* 71-compass.png in Resources */ = {isa = PBXBuildFile; fileRef = B42E81821083915600092982 /* 71-compass.png */; };
		B42E81CD1083915600092982 /* 72-pin.png in Resources */ = {isa = PBXBuildFile; fileRef = B42E81831083915600092982 /* 72-pin.png */; };
		B42E81CE1083915600092982 /* 73-radar.png in Resources */ = {isa = PBXBuildFile; fileRef = B42E81841083915600092982 /* 73-radar.png */; };
		B42E81CF1083915600092982 /* 74-location.png in Resources */ = {isa = PBXBuildFile; fileRef = B42E81851083915600092982 /* 74-location.png */; };
		B42E81D01083915600092982 /* Read me first - license.txt in Resources */ = {isa = PBXBuildFile; fileRef = B42E81861083915600092982 /* Read me first - license.txt */; };
		B42E822E1083B0B000092982 /* Icon.png in Resources */ = {isa = PBXBuildFile; fileRef = B42E822D1083B0B000092982 /* Icon.png */; };
		B42E82A11083B99A00092982 /* Default.png in Resources */ = {isa = PBXBuildFile; fileRef = B42E829F1083B99A00092982 /* Default.png */; };
		B42E82A21083B99A00092982 /* Default.xcf in Resources */ = {isa = PBXBuildFile; fileRef = B42E82A01083B99A00092982 /* Default.xcf */; };
		B4B78B36108125AD0048C4A2 /* KeychainUtils.m in Sources */ = {isa = PBXBuildFile; fileRef = B4B78B35108125AD0048C4A2 /* KeychainUtils.m */; };
		B4B78B8610812C960048C4A2 /* Security.framework in Frameworks */ = {isa = PBXBuildFile; fileRef = B4B78B8510812C960048C4A2 /* Security.framework */; };
		B4B78C39108148500048C4A2 /* MainWindow.xib in Resources */ = {isa = PBXBuildFile; fileRef = B4B78C38108148500048C4A2 /* MainWindow.xib */; };
		B4B78C4910814A8B0048C4A2 /* AccountsViewController.m in Sources */ = {isa = PBXBuildFile; fileRef = B4B78C4810814A8B0048C4A2 /* AccountsViewController.m */; };
		B4B78C6810814C2A0048C4A2 /* PostTweetViewController.m in Sources */ = {isa = PBXBuildFile; fileRef = B4B78C6710814C2A0048C4A2 /* PostTweetViewController.m */; };
		B4B78C8510814D570048C4A2 /* AccountManager.m in Sources */ = {isa = PBXBuildFile; fileRef = B4B78C8410814D570048C4A2 /* AccountManager.m */; };
		B4B78DD11081535D0048C4A2 /* Account.m in Sources */ = {isa = PBXBuildFile; fileRef = B4B78DD01081535D0048C4A2 /* Account.m */; };
		B4B78F64108193AD0048C4A2 /* AccountEditViewController.m in Sources */ = {isa = PBXBuildFile; fileRef = B4B78F63108193AD0048C4A2 /* AccountEditViewController.m */; };
		B4CF35C510802CE100D6D204 /* libxml2.dylib in Frameworks */ = {isa = PBXBuildFile; fileRef = B4CF35C410802CE100D6D204 /* libxml2.dylib */; };
		B4FA309F107929CD00CA91EA /* MGTwitterEngine.m in Sources */ = {isa = PBXBuildFile; fileRef = B4FA3074107929CD00CA91EA /* MGTwitterEngine.m */; };
		B4FA30A0107929CD00CA91EA /* MGTwitterHTTPURLConnection.m in Sources */ = {isa = PBXBuildFile; fileRef = B4FA307C107929CD00CA91EA /* MGTwitterHTTPURLConnection.m */; };
		B4FA30A1107929CD00CA91EA /* MGTwitterLibXMLParser.m in Sources */ = {isa = PBXBuildFile; fileRef = B4FA307E107929CD00CA91EA /* MGTwitterLibXMLParser.m */; };
		B4FA30A2107929CD00CA91EA /* MGTwitterMessagesLibXMLParser.m in Sources */ = {isa = PBXBuildFile; fileRef = B4FA3080107929CD00CA91EA /* MGTwitterMessagesLibXMLParser.m */; };
		B4FA30A3107929CD00CA91EA /* MGTwitterMessagesParser.m in Sources */ = {isa = PBXBuildFile; fileRef = B4FA3082107929CD00CA91EA /* MGTwitterMessagesParser.m */; };
		B4FA30A4107929CD00CA91EA /* MGTwitterMiscLibXMLParser.m in Sources */ = {isa = PBXBuildFile; fileRef = B4FA3084107929CD00CA91EA /* MGTwitterMiscLibXMLParser.m */; };
		B4FA30A5107929CD00CA91EA /* MGTwitterMiscParser.m in Sources */ = {isa = PBXBuildFile; fileRef = B4FA3086107929CD00CA91EA /* MGTwitterMiscParser.m */; };
		B4FA30A6107929CD00CA91EA /* MGTwitterStatusesLibXMLParser.m in Sources */ = {isa = PBXBuildFile; fileRef = B4FA308A107929CD00CA91EA /* MGTwitterStatusesLibXMLParser.m */; };
		B4FA30A7107929CD00CA91EA /* MGTwitterStatusesParser.m in Sources */ = {isa = PBXBuildFile; fileRef = B4FA308C107929CD00CA91EA /* MGTwitterStatusesParser.m */; };
		B4FA30A8107929CD00CA91EA /* MGTwitterUsersLibXMLParser.m in Sources */ = {isa = PBXBuildFile; fileRef = B4FA308E107929CD00CA91EA /* MGTwitterUsersLibXMLParser.m */; };
		B4FA30A9107929CD00CA91EA /* MGTwitterUsersParser.m in Sources */ = {isa = PBXBuildFile; fileRef = B4FA3090107929CD00CA91EA /* MGTwitterUsersParser.m */; };
		B4FA30AA107929CD00CA91EA /* MGTwitterXMLParser.m in Sources */ = {isa = PBXBuildFile; fileRef = B4FA3092107929CD00CA91EA /* MGTwitterXMLParser.m */; };
		B4FA30AB107929CD00CA91EA /* NSData+Base64.m in Sources */ = {isa = PBXBuildFile; fileRef = B4FA3094107929CD00CA91EA /* NSData+Base64.m */; };
		B4FA30AC107929CD00CA91EA /* NSString+UUID.m in Sources */ = {isa = PBXBuildFile; fileRef = B4FA3096107929CD00CA91EA /* NSString+UUID.m */; };
		B4FA30AD107929CD00CA91EA /* README.txt in Resources */ = {isa = PBXBuildFile; fileRef = B4FA3097107929CD00CA91EA /* README.txt */; };
		B4FA30AE107929CD00CA91EA /* Source Code License.rtf in Resources */ = {isa = PBXBuildFile; fileRef = B4FA3098107929CD00CA91EA /* Source Code License.rtf */; };
/* End PBXBuildFile section */

/* Begin PBXFileReference section */
		1D30AB110D05D00D00671497 /* Foundation.framework */ = {isa = PBXFileReference; lastKnownFileType = wrapper.framework; name = Foundation.framework; path = System/Library/Frameworks/Foundation.framework; sourceTree = SDKROOT; };
		1D3623240D0F684500981E51 /* tweet_only_iphoneAppDelegate.h */ = {isa = PBXFileReference; fileEncoding = 4; lastKnownFileType = sourcecode.c.h; path = tweet_only_iphoneAppDelegate.h; sourceTree = "<group>"; };
		1D3623250D0F684500981E51 /* tweet_only_iphoneAppDelegate.m */ = {isa = PBXFileReference; fileEncoding = 4; lastKnownFileType = sourcecode.c.objc; path = tweet_only_iphoneAppDelegate.m; sourceTree = "<group>"; };
		1D6058910D05DD3D006BFB54 /* Tweet Only.app */ = {isa = PBXFileReference; explicitFileType = wrapper.application; includeInIndex = 0; path = "Tweet Only.app"; sourceTree = BUILT_PRODUCTS_DIR; };
		1DF5F4DF0D08C38300B7A737 /* UIKit.framework */ = {isa = PBXFileReference; lastKnownFileType = wrapper.framework; name = UIKit.framework; path = System/Library/Frameworks/UIKit.framework; sourceTree = SDKROOT; };
		288765070DF74369002DB57D /* CoreGraphics.framework */ = {isa = PBXFileReference; lastKnownFileType = wrapper.framework; name = CoreGraphics.framework; path = System/Library/Frameworks/CoreGraphics.framework; sourceTree = SDKROOT; };
		28A0AB4B0D9B1048005BE974 /* tweet_only_iphone_Prefix.pch */ = {isa = PBXFileReference; fileEncoding = 4; lastKnownFileType = sourcecode.c.h; path = tweet_only_iphone_Prefix.pch; sourceTree = "<group>"; };
		29B97316FDCFA39411CA2CEA /* main.m */ = {isa = PBXFileReference; fileEncoding = 4; lastKnownFileType = sourcecode.c.objc; path = main.m; sourceTree = "<group>"; };
		8D1107310486CEB800E47090 /* tweet_only_iphone-Info.plist */ = {isa = PBXFileReference; fileEncoding = 4; lastKnownFileType = text.plist.xml; path = "tweet_only_iphone-Info.plist"; plistStructureDefinitionIdentifier = "com.apple.xcode.plist.structure-definition.iphone.info-plist"; sourceTree = "<group>"; };
		B42E7E971082E40700092982 /* AccountEditViewController.xib */ = {isa = PBXFileReference; lastKnownFileType = file.xib; name = AccountEditViewController.xib; path = Resources/AccountEditViewController.xib; sourceTree = "<group>"; };
		B42E7F3D1082F71B00092982 /* black-checkmark.png */ = {isa = PBXFileReference; lastKnownFileType = image.png; name = "black-checkmark.png"; path = "Resources/black-checkmark.png"; sourceTree = "<group>"; };
		B42E7FC71082FF5B00092982 /* empty-checkmark-area.png */ = {isa = PBXFileReference; lastKnownFileType = image.png; name = "empty-checkmark-area.png"; path = "Resources/empty-checkmark-area.png"; sourceTree = "<group>"; };
		B42E813D1083915600092982 /* 01-refresh.png */ = {isa = PBXFileReference; lastKnownFileType = image.png; path = "01-refresh.png"; sourceTree = "<group>"; };
		B42E813E1083915600092982 /* 02-redo.png */ = {isa = PBXFileReference; lastKnownFileType = image.png; path = "02-redo.png"; sourceTree = "<group>"; };
		B42E813F1083915600092982 /* 03-loopback.png */ = {isa = PBXFileReference; lastKnownFileType = image.png; path = "03-loopback.png"; sourceTree = "<group>"; };
		B42E81401083915600092982 /* 04-squiggle.png */ = {isa = PBXFileReference; lastKnownFileType = image.png; path = "04-squiggle.png"; sourceTree = "<group>"; };
		B42E81411083915600092982 /* 05-shuffle.png */ = {isa = PBXFileReference; lastKnownFileType = image.png; path = "05-shuffle.png"; sourceTree = "<group>"; };
		B42E81421083915600092982 /* 07-map-marker.png */ = {isa = PBXFileReference; lastKnownFileType = image.png; path = "07-map-marker.png"; sourceTree = "<group>"; };
		B42E81431083915600092982 /* 08-chat.png */ = {isa = PBXFileReference; lastKnownFileType = image.png; path = "08-chat.png"; sourceTree = "<group>"; };
		B42E81441083915600092982 /* 09-chat2.png */ = {isa = PBXFileReference; lastKnownFileType = image.png; path = "09-chat2.png"; sourceTree = "<group>"; };
		B42E81451083915600092982 /* 10-medical.png */ = {isa = PBXFileReference; lastKnownFileType = image.png; path = "10-medical.png"; sourceTree = "<group>"; };
		B42E81461083915600092982 /* 11-clock.png */ = {isa = PBXFileReference; lastKnownFileType = image.png; path = "11-clock.png"; sourceTree = "<group>"; };
		B42E81471083915600092982 /* 12-eye.png */ = {isa = PBXFileReference; lastKnownFileType = image.png; path = "12-eye.png"; sourceTree = "<group>"; };
		B42E81481083915600092982 /* 13-target.png */ = {isa = PBXFileReference; lastKnownFileType = image.png; path = "13-target.png"; sourceTree = "<group>"; };
		B42E81491083915600092982 /* 14-tag.png */ = {isa = PBXFileReference; lastKnownFileType = image.png; path = "14-tag.png"; sourceTree = "<group>"; };
		B42E814A1083915600092982 /* 15-tags.png */ = {isa = PBXFileReference; lastKnownFileType = image.png; path = "15-tags.png"; sourceTree = "<group>"; };
		B42E814B1083915600092982 /* 16-line-chart.png */ = {isa = PBXFileReference; lastKnownFileType = image.png; path = "16-line-chart.png"; sourceTree = "<group>"; };
		B42E814C1083915600092982 /* 17-bar-chart.png */ = {isa = PBXFileReference; lastKnownFileType = image.png; path = "17-bar-chart.png"; sourceTree = "<group>"; };
		B42E814D1083915600092982 /* 18-envelope.png */ = {isa = PBXFileReference; lastKnownFileType = image.png; path = "18-envelope.png"; sourceTree = "<group>"; };
		B42E814E1083915600092982 /* 19-gear.png */ = {isa = PBXFileReference; lastKnownFileType = image.png; path = "19-gear.png"; sourceTree = "<group>"; };
		B42E814F1083915600092982 /* 20-gear2.png */ = {isa = PBXFileReference; lastKnownFileType = image.png; path = "20-gear2.png"; sourceTree = "<group>"; };
		B42E81501083915600092982 /* 21-skull.png */ = {isa = PBXFileReference; lastKnownFileType = image.png; path = "21-skull.png"; sourceTree = "<group>"; };
		B42E81511083915600092982 /* 22-skull-n-crossbones.png */ = {isa = PBXFileReference; lastKnownFileType = image.png; path = "22-skull-n-crossbones.png"; sourceTree = "<group>"; };
		B42E81521083915600092982 /* 23-bird.png */ = {isa = PBXFileReference; lastKnownFileType = image.png; path = "23-bird.png"; sourceTree = "<group>"; };
		B42E81531083915600092982 /* 24-gift.png */ = {isa = PBXFileReference; lastKnownFileType = image.png; path = "24-gift.png"; sourceTree = "<group>"; };
		B42E81541083915600092982 /* 25-weather.png */ = {isa = PBXFileReference; lastKnownFileType = image.png; path = "25-weather.png"; sourceTree = "<group>"; };
		B42E81551083915600092982 /* 26-bandaid.png */ = {isa = PBXFileReference; lastKnownFileType = image.png; path = "26-bandaid.png"; sourceTree = "<group>"; };
		B42E81561083915600092982 /* 27-planet.png */ = {isa = PBXFileReference; lastKnownFileType = image.png; path = "27-planet.png"; sourceTree = "<group>"; };
		B42E81571083915600092982 /* 28-star.png */ = {isa = PBXFileReference; lastKnownFileType = image.png; path = "28-star.png"; sourceTree = "<group>"; };
		B42E81581083915600092982 /* 29-heart.png */ = {isa = PBXFileReference; lastKnownFileType = image.png; path = "29-heart.png"; sourceTree = "<group>"; };
		B42E81591083915600092982 /* 30-key.png */ = {isa = PBXFileReference; lastKnownFileType = image.png; path = "30-key.png"; sourceTree = "<group>"; };
		B42E815A1083915600092982 /* 31-ipod.png */ = {isa = PBXFileReference; lastKnownFileType = image.png; path = "31-ipod.png"; sourceTree = "<group>"; };
		B42E815B1083915600092982 /* 32-iphone.png */ = {isa = PBXFileReference; lastKnownFileType = image.png; path = "32-iphone.png"; sourceTree = "<group>"; };
		B42E815C1083915600092982 /* 33-cabinet.png */ = {isa = PBXFileReference; lastKnownFileType = image.png; path = "33-cabinet.png"; sourceTree = "<group>"; };
		B42E815D1083915600092982 /* 34-coffee.png */ = {isa = PBXFileReference; lastKnownFileType = image.png; path = "34-coffee.png"; sourceTree = "<group>"; };
		B42E815E1083915600092982 /* 35-shopping-bag.png */ = {isa = PBXFileReference; lastKnownFileType = image.png; path = "35-shopping-bag.png"; sourceTree = "<group>"; };
		B42E815F1083915600092982 /* 36-toolbox.png */ = {isa = PBXFileReference; lastKnownFileType = image.png; path = "36-toolbox.png"; sourceTree = "<group>"; };
		B42E81601083915600092982 /* 37-suitcase.png */ = {isa = PBXFileReference; lastKnownFileType = image.png; path = "37-suitcase.png"; sourceTree = "<group>"; };
		B42E81611083915600092982 /* 38-airplane.png */ = {isa = PBXFileReference; lastKnownFileType = image.png; path = "38-airplane.png"; sourceTree = "<group>"; };
		B42E81621083915600092982 /* 39-spraycan.png */ = {isa = PBXFileReference; lastKnownFileType = image.png; path = "39-spraycan.png"; sourceTree = "<group>"; };
		B42E81631083915600092982 /* 40-inbox.png */ = {isa = PBXFileReference; lastKnownFileType = image.png; path = "40-inbox.png"; sourceTree = "<group>"; };
		B42E81641083915600092982 /* 41-picture-frame.png */ = {isa = PBXFileReference; lastKnownFileType = image.png; path = "41-picture-frame.png"; sourceTree = "<group>"; };
		B42E81651083915600092982 /* 42-photos.png */ = {isa = PBXFileReference; lastKnownFileType = image.png; path = "42-photos.png"; sourceTree = "<group>"; };
		B42E81661083915600092982 /* 43-film-roll.png */ = {isa = PBXFileReference; lastKnownFileType = image.png; path = "43-film-roll.png"; sourceTree = "<group>"; };
		B42E81671083915600092982 /* 44-shoebox.png */ = {isa = PBXFileReference; lastKnownFileType = image.png; path = "44-shoebox.png"; sourceTree = "<group>"; };
		B42E81681083915600092982 /* 45-movie1.png */ = {isa = PBXFileReference; lastKnownFileType = image.png; path = "45-movie1.png"; sourceTree = "<group>"; };
		B42E81691083915600092982 /* 46-movie2.png */ = {isa = PBXFileReference; lastKnownFileType = image.png; path = "46-movie2.png"; sourceTree = "<group>"; };
		B42E816A1083915600092982 /* 47-fuel.png */ = {isa = PBXFileReference; lastKnownFileType = image.png; path = "47-fuel.png"; sourceTree = "<group>"; };
		B42E816B1083915600092982 /* 48-fork-and-knife.png */ = {isa = PBXFileReference; lastKnownFileType = image.png; path = "48-fork-and-knife.png"; sourceTree = "<group>"; };
		B42E816C1083915600092982 /* 49-battery.png */ = {isa = PBXFileReference; lastKnownFileType = image.png; path = "49-battery.png"; sourceTree = "<group>"; };
		B42E816D1083915600092982 /* 50-beaker.png */ = {isa = PBXFileReference; lastKnownFileType = image.png; path = "50-beaker.png"; sourceTree = "<group>"; };
		B42E816E1083915600092982 /* 51-outlet.png */ = {isa = PBXFileReference; lastKnownFileType = image.png; path = "51-outlet.png"; sourceTree = "<group>"; };
		B42E816F1083915600092982 /* 52-pinetree.png */ = {isa = PBXFileReference; lastKnownFileType = image.png; path = "52-pinetree.png"; sourceTree = "<group>"; };
		B42E81701083915600092982 /* 53-house.png */ = {isa = PBXFileReference; lastKnownFileType = image.png; path = "53-house.png"; sourceTree = "<group>"; };
		B42E81711083915600092982 /* 54-lock.png */ = {isa = PBXFileReference; lastKnownFileType = image.png; path = "54-lock.png"; sourceTree = "<group>"; };
		B42E81721083915600092982 /* 55-network.png */ = {isa = PBXFileReference; lastKnownFileType = image.png; path = "55-network.png"; sourceTree = "<group>"; };
		B42E81731083915600092982 /* 56-cloud.png */ = {isa = PBXFileReference; lastKnownFileType = image.png; path = "56-cloud.png"; sourceTree = "<group>"; };
		B42E81741083915600092982 /* 57-download.png */ = {isa = PBXFileReference; lastKnownFileType = image.png; path = "57-download.png"; sourceTree = "<group>"; };
		B42E81751083915600092982 /* 58-bookmark.png */ = {isa = PBXFileReference; lastKnownFileType = image.png; path = "58-bookmark.png"; sourceTree = "<group>"; };
		B42E81761083915600092982 /* 59-flag.png */ = {isa = PBXFileReference; lastKnownFileType = image.png; path = "59-flag.png"; sourceTree = "<group>"; };
		B42E81771083915600092982 /* 60-signpost.png */ = {isa = PBXFileReference; lastKnownFileType = image.png; path = "60-signpost.png"; sourceTree = "<group>"; };
		B42E81781083915600092982 /* 61-brightness.png */ = {isa = PBXFileReference; lastKnownFileType = image.png; path = "61-brightness.png"; sourceTree = "<group>"; };
		B42E81791083915600092982 /* 62-contrast.png */ = {isa = PBXFileReference; lastKnownFileType = image.png; path = "62-contrast.png"; sourceTree = "<group>"; };
		B42E817A1083915600092982 /* 63-runner.png */ = {isa = PBXFileReference; lastKnownFileType = image.png; path = "63-runner.png"; sourceTree = "<group>"; };
		B42E817B1083915600092982 /* 64-zap.png */ = {isa = PBXFileReference; lastKnownFileType = image.png; path = "64-zap.png"; sourceTree = "<group>"; };
		B42E817C1083915600092982 /* 65-note.png */ = {isa = PBXFileReference; lastKnownFileType = image.png; path = "65-note.png"; sourceTree = "<group>"; };
		B42E817D1083915600092982 /* 66-microphone.png */ = {isa = PBXFileReference; lastKnownFileType = image.png; path = "66-microphone.png"; sourceTree = "<group>"; };
		B42E817E1083915600092982 /* 67-tshirt.png */ = {isa = PBXFileReference; lastKnownFileType = image.png; path = "67-tshirt.png"; sourceTree = "<group>"; };
		B42E817F1083915600092982 /* 68-display.png */ = {isa = PBXFileReference; lastKnownFileType = image.png; path = "68-display.png"; sourceTree = "<group>"; };
		B42E81801083915600092982 /* 69-paperclip.png */ = {isa = PBXFileReference; lastKnownFileType = image.png; path = "69-paperclip.png"; sourceTree = "<group>"; };
		B42E81811083915600092982 /* 70-tv.png */ = {isa = PBXFileReference; lastKnownFileType = image.png; path = "70-tv.png"; sourceTree = "<group>"; };
		B42E81821083915600092982 /* 71-compass.png */ = {isa = PBXFileReference; lastKnownFileType = image.png; path = "71-compass.png"; sourceTree = "<group>"; };
		B42E81831083915600092982 /* 72-pin.png */ = {isa = PBXFileReference; lastKnownFileType = image.png; path = "72-pin.png"; sourceTree = "<group>"; };
		B42E81841083915600092982 /* 73-radar.png */ = {isa = PBXFileReference; lastKnownFileType = image.png; path = "73-radar.png"; sourceTree = "<group>"; };
		B42E81851083915600092982 /* 74-location.png */ = {isa = PBXFileReference; lastKnownFileType = image.png; path = "74-location.png"; sourceTree = "<group>"; };
		B42E81861083915600092982 /* Read me first - license.txt */ = {isa = PBXFileReference; fileEncoding = 4; lastKnownFileType = text; path = "Read me first - license.txt"; sourceTree = "<group>"; };
		B42E822D1083B0B000092982 /* Icon.png */ = {isa = PBXFileReference; lastKnownFileType = image.png; name = Icon.png; path = Resources/Icon.png; sourceTree = "<group>"; };
		B42E829F1083B99A00092982 /* Default.png */ = {isa = PBXFileReference; lastKnownFileType = image.png; name = Default.png; path = Resources/Default.png; sourceTree = "<group>"; };
		B42E82A01083B99A00092982 /* Default.xcf */ = {isa = PBXFileReference; lastKnownFileType = file; name = Default.xcf; path = Resources/Default.xcf; sourceTree = "<group>"; };
		B43C1DC310823D1E0076C250 /* libgmalloc.dylib */ = {isa = PBXFileReference; lastKnownFileType = "compiled.mach-o.dylib"; name = libgmalloc.dylib; path = usr/lib/libgmalloc.dylib; sourceTree = DEVELOPER_DIR; };
		B43C1DC710823D520076C250 /* libgmalloc.B.dylib */ = {isa = PBXFileReference; lastKnownFileType = "compiled.mach-o.dylib"; name = libgmalloc.B.dylib; path = usr/lib/libgmalloc.B.dylib; sourceTree = DEVELOPER_DIR; };
		B43C1DC810823D520076C250 /* libgmalloc.dylib */ = {isa = PBXFileReference; lastKnownFileType = "compiled.mach-o.dylib"; name = libgmalloc.dylib; path = usr/lib/libgmalloc.dylib; sourceTree = DEVELOPER_DIR; };
		B43C1DC910823D520076C250 /* libMallocDebug.A.dylib */ = {isa = PBXFileReference; lastKnownFileType = "compiled.mach-o.dylib"; name = libMallocDebug.A.dylib; path = usr/lib/libMallocDebug.A.dylib; sourceTree = DEVELOPER_DIR; };
		B4B78B34108125AD0048C4A2 /* KeychainUtils.h */ = {isa = PBXFileReference; fileEncoding = 4; lastKnownFileType = sourcecode.c.h; path = KeychainUtils.h; sourceTree = "<group>"; };
		B4B78B35108125AD0048C4A2 /* KeychainUtils.m */ = {isa = PBXFileReference; fileEncoding = 4; lastKnownFileType = sourcecode.c.objc; path = KeychainUtils.m; sourceTree = "<group>"; };
		B4B78B5D108128270048C4A2 /* crt3.o */ = {isa = PBXFileReference; lastKnownFileType = "compiled.mach-o.objfile"; name = crt3.o; path = "usr/lib/gcc/arm-apple-darwin9/4.0.1/crt3.o"; sourceTree = SDKROOT; };
		B4B78B8510812C960048C4A2 /* Security.framework */ = {isa = PBXFileReference; lastKnownFileType = wrapper.framework; name = Security.framework; path = System/Library/Frameworks/Security.framework; sourceTree = SDKROOT; };
		B4B78C38108148500048C4A2 /* MainWindow.xib */ = {isa = PBXFileReference; lastKnownFileType = file.xib; name = MainWindow.xib; path = Resources/MainWindow.xib; sourceTree = "<group>"; };
		B4B78C4710814A8B0048C4A2 /* AccountsViewController.h */ = {isa = PBXFileReference; fileEncoding = 4; lastKnownFileType = sourcecode.c.h; path = AccountsViewController.h; sourceTree = "<group>"; };
		B4B78C4810814A8B0048C4A2 /* AccountsViewController.m */ = {isa = PBXFileReference; fileEncoding = 4; lastKnownFileType = sourcecode.c.objc; path = AccountsViewController.m; sourceTree = "<group>"; };
		B4B78C6610814C2A0048C4A2 /* PostTweetViewController.h */ = {isa = PBXFileReference; fileEncoding = 4; lastKnownFileType = sourcecode.c.h; path = PostTweetViewController.h; sourceTree = "<group>"; };
		B4B78C6710814C2A0048C4A2 /* PostTweetViewController.m */ = {isa = PBXFileReference; fileEncoding = 4; lastKnownFileType = sourcecode.c.objc; path = PostTweetViewController.m; sourceTree = "<group>"; };
		B4B78C8310814D570048C4A2 /* AccountManager.h */ = {isa = PBXFileReference; fileEncoding = 4; lastKnownFileType = sourcecode.c.h; path = AccountManager.h; sourceTree = "<group>"; };
		B4B78C8410814D570048C4A2 /* AccountManager.m */ = {isa = PBXFileReference; fileEncoding = 4; lastKnownFileType = sourcecode.c.objc; path = AccountManager.m; sourceTree = "<group>"; };
		B4B78DCF1081535D0048C4A2 /* Account.h */ = {isa = PBXFileReference; fileEncoding = 4; lastKnownFileType = sourcecode.c.h; path = Account.h; sourceTree = "<group>"; };
		B4B78DD01081535D0048C4A2 /* Account.m */ = {isa = PBXFileReference; fileEncoding = 4; lastKnownFileType = sourcecode.c.objc; path = Account.m; sourceTree = "<group>"; };
		B4B78F62108193AD0048C4A2 /* AccountEditViewController.h */ = {isa = PBXFileReference; fileEncoding = 4; lastKnownFileType = sourcecode.c.h; path = AccountEditViewController.h; sourceTree = "<group>"; };
		B4B78F63108193AD0048C4A2 /* AccountEditViewController.m */ = {isa = PBXFileReference; fileEncoding = 4; lastKnownFileType = sourcecode.c.objc; path = AccountEditViewController.m; sourceTree = "<group>"; };
		B4CF35C410802CE100D6D204 /* libxml2.dylib */ = {isa = PBXFileReference; lastKnownFileType = "compiled.mach-o.dylib"; name = libxml2.dylib; path = usr/lib/libxml2.dylib; sourceTree = SDKROOT; };
		B4FA3073107929CD00CA91EA /* MGTwitterEngine.h */ = {isa = PBXFileReference; fileEncoding = 4; lastKnownFileType = sourcecode.c.h; path = MGTwitterEngine.h; sourceTree = "<group>"; };
		B4FA3074107929CD00CA91EA /* MGTwitterEngine.m */ = {isa = PBXFileReference; fileEncoding = 4; lastKnownFileType = sourcecode.c.objc; path = MGTwitterEngine.m; sourceTree = "<group>"; };
		B4FA3078107929CD00CA91EA /* MGTwitterEngine_Prefix.pch */ = {isa = PBXFileReference; fileEncoding = 4; lastKnownFileType = sourcecode.c.h; path = MGTwitterEngine_Prefix.pch; sourceTree = "<group>"; };
		B4FA3079107929CD00CA91EA /* MGTwitterEngineDelegate.h */ = {isa = PBXFileReference; fileEncoding = 4; lastKnownFileType = sourcecode.c.h; path = MGTwitterEngineDelegate.h; sourceTree = "<group>"; };
		B4FA307A107929CD00CA91EA /* MGTwitterEngineGlobalHeader.h */ = {isa = PBXFileReference; fileEncoding = 4; lastKnownFileType = sourcecode.c.h; path = MGTwitterEngineGlobalHeader.h; sourceTree = "<group>"; };
		B4FA307B107929CD00CA91EA /* MGTwitterHTTPURLConnection.h */ = {isa = PBXFileReference; fileEncoding = 4; lastKnownFileType = sourcecode.c.h; path = MGTwitterHTTPURLConnection.h; sourceTree = "<group>"; };
		B4FA307C107929CD00CA91EA /* MGTwitterHTTPURLConnection.m */ = {isa = PBXFileReference; fileEncoding = 4; lastKnownFileType = sourcecode.c.objc; path = MGTwitterHTTPURLConnection.m; sourceTree = "<group>"; };
		B4FA307D107929CD00CA91EA /* MGTwitterLibXMLParser.h */ = {isa = PBXFileReference; fileEncoding = 4; lastKnownFileType = sourcecode.c.h; path = MGTwitterLibXMLParser.h; sourceTree = "<group>"; };
		B4FA307E107929CD00CA91EA /* MGTwitterLibXMLParser.m */ = {isa = PBXFileReference; fileEncoding = 4; lastKnownFileType = sourcecode.c.objc; path = MGTwitterLibXMLParser.m; sourceTree = "<group>"; };
		B4FA307F107929CD00CA91EA /* MGTwitterMessagesLibXMLParser.h */ = {isa = PBXFileReference; fileEncoding = 4; lastKnownFileType = sourcecode.c.h; path = MGTwitterMessagesLibXMLParser.h; sourceTree = "<group>"; };
		B4FA3080107929CD00CA91EA /* MGTwitterMessagesLibXMLParser.m */ = {isa = PBXFileReference; fileEncoding = 4; lastKnownFileType = sourcecode.c.objc; path = MGTwitterMessagesLibXMLParser.m; sourceTree = "<group>"; };
		B4FA3081107929CD00CA91EA /* MGTwitterMessagesParser.h */ = {isa = PBXFileReference; fileEncoding = 4; lastKnownFileType = sourcecode.c.h; path = MGTwitterMessagesParser.h; sourceTree = "<group>"; };
		B4FA3082107929CD00CA91EA /* MGTwitterMessagesParser.m */ = {isa = PBXFileReference; fileEncoding = 4; lastKnownFileType = sourcecode.c.objc; path = MGTwitterMessagesParser.m; sourceTree = "<group>"; };
		B4FA3083107929CD00CA91EA /* MGTwitterMiscLibXMLParser.h */ = {isa = PBXFileReference; fileEncoding = 4; lastKnownFileType = sourcecode.c.h; path = MGTwitterMiscLibXMLParser.h; sourceTree = "<group>"; };
		B4FA3084107929CD00CA91EA /* MGTwitterMiscLibXMLParser.m */ = {isa = PBXFileReference; fileEncoding = 4; lastKnownFileType = sourcecode.c.objc; path = MGTwitterMiscLibXMLParser.m; sourceTree = "<group>"; };
		B4FA3085107929CD00CA91EA /* MGTwitterMiscParser.h */ = {isa = PBXFileReference; fileEncoding = 4; lastKnownFileType = sourcecode.c.h; path = MGTwitterMiscParser.h; sourceTree = "<group>"; };
		B4FA3086107929CD00CA91EA /* MGTwitterMiscParser.m */ = {isa = PBXFileReference; fileEncoding = 4; lastKnownFileType = sourcecode.c.objc; path = MGTwitterMiscParser.m; sourceTree = "<group>"; };
		B4FA3087107929CD00CA91EA /* MGTwitterParserDelegate.h */ = {isa = PBXFileReference; fileEncoding = 4; lastKnownFileType = sourcecode.c.h; path = MGTwitterParserDelegate.h; sourceTree = "<group>"; };
		B4FA3088107929CD00CA91EA /* MGTwitterRequestTypes.h */ = {isa = PBXFileReference; fileEncoding = 4; lastKnownFileType = sourcecode.c.h; path = MGTwitterRequestTypes.h; sourceTree = "<group>"; };
		B4FA3089107929CD00CA91EA /* MGTwitterStatusesLibXMLParser.h */ = {isa = PBXFileReference; fileEncoding = 4; lastKnownFileType = sourcecode.c.h; path = MGTwitterStatusesLibXMLParser.h; sourceTree = "<group>"; };
		B4FA308A107929CD00CA91EA /* MGTwitterStatusesLibXMLParser.m */ = {isa = PBXFileReference; fileEncoding = 4; lastKnownFileType = sourcecode.c.objc; path = MGTwitterStatusesLibXMLParser.m; sourceTree = "<group>"; };
		B4FA308B107929CD00CA91EA /* MGTwitterStatusesParser.h */ = {isa = PBXFileReference; fileEncoding = 4; lastKnownFileType = sourcecode.c.h; path = MGTwitterStatusesParser.h; sourceTree = "<group>"; };
		B4FA308C107929CD00CA91EA /* MGTwitterStatusesParser.m */ = {isa = PBXFileReference; fileEncoding = 4; lastKnownFileType = sourcecode.c.objc; path = MGTwitterStatusesParser.m; sourceTree = "<group>"; };
		B4FA308D107929CD00CA91EA /* MGTwitterUsersLibXMLParser.h */ = {isa = PBXFileReference; fileEncoding = 4; lastKnownFileType = sourcecode.c.h; path = MGTwitterUsersLibXMLParser.h; sourceTree = "<group>"; };
		B4FA308E107929CD00CA91EA /* MGTwitterUsersLibXMLParser.m */ = {isa = PBXFileReference; fileEncoding = 4; lastKnownFileType = sourcecode.c.objc; path = MGTwitterUsersLibXMLParser.m; sourceTree = "<group>"; };
		B4FA308F107929CD00CA91EA /* MGTwitterUsersParser.h */ = {isa = PBXFileReference; fileEncoding = 4; lastKnownFileType = sourcecode.c.h; path = MGTwitterUsersParser.h; sourceTree = "<group>"; };
		B4FA3090107929CD00CA91EA /* MGTwitterUsersParser.m */ = {isa = PBXFileReference; fileEncoding = 4; lastKnownFileType = sourcecode.c.objc; path = MGTwitterUsersParser.m; sourceTree = "<group>"; };
		B4FA3091107929CD00CA91EA /* MGTwitterXMLParser.h */ = {isa = PBXFileReference; fileEncoding = 4; lastKnownFileType = sourcecode.c.h; path = MGTwitterXMLParser.h; sourceTree = "<group>"; };
		B4FA3092107929CD00CA91EA /* MGTwitterXMLParser.m */ = {isa = PBXFileReference; fileEncoding = 4; lastKnownFileType = sourcecode.c.objc; path = MGTwitterXMLParser.m; sourceTree = "<group>"; };
		B4FA3093107929CD00CA91EA /* NSData+Base64.h */ = {isa = PBXFileReference; fileEncoding = 4; lastKnownFileType = sourcecode.c.h; path = "NSData+Base64.h"; sourceTree = "<group>"; };
		B4FA3094107929CD00CA91EA /* NSData+Base64.m */ = {isa = PBXFileReference; fileEncoding = 4; lastKnownFileType = sourcecode.c.objc; path = "NSData+Base64.m"; sourceTree = "<group>"; };
		B4FA3095107929CD00CA91EA /* NSString+UUID.h */ = {isa = PBXFileReference; fileEncoding = 4; lastKnownFileType = sourcecode.c.h; path = "NSString+UUID.h"; sourceTree = "<group>"; };
		B4FA3096107929CD00CA91EA /* NSString+UUID.m */ = {isa = PBXFileReference; fileEncoding = 4; lastKnownFileType = sourcecode.c.objc; path = "NSString+UUID.m"; sourceTree = "<group>"; };
		B4FA3097107929CD00CA91EA /* README.txt */ = {isa = PBXFileReference; fileEncoding = 4; lastKnownFileType = text; path = README.txt; sourceTree = "<group>"; };
		B4FA3098107929CD00CA91EA /* Source Code License.rtf */ = {isa = PBXFileReference; lastKnownFileType = text.rtf; path = "Source Code License.rtf"; sourceTree = "<group>"; };
		B4FA30D810792D8000CA91EA /* libxml2.2.7.3.dylib */ = {isa = PBXFileReference; lastKnownFileType = "compiled.mach-o.dylib"; name = libxml2.2.7.3.dylib; path = usr/lib/libxml2.2.7.3.dylib; sourceTree = SDKROOT; };
		B4FA3128107931A600CA91EA /* libicucore.dylib */ = {isa = PBXFileReference; lastKnownFileType = "compiled.mach-o.dylib"; name = libicucore.dylib; path = usr/lib/libicucore.dylib; sourceTree = SDKROOT; };
/* End PBXFileReference section */

/* Begin PBXFrameworksBuildPhase section */
		1D60588F0D05DD3D006BFB54 /* Frameworks */ = {
			isa = PBXFrameworksBuildPhase;
			buildActionMask = 2147483647;
			files = (
				1D60589F0D05DD5A006BFB54 /* Foundation.framework in Frameworks */,
				1DF5F4E00D08C38300B7A737 /* UIKit.framework in Frameworks */,
				288765080DF74369002DB57D /* CoreGraphics.framework in Frameworks */,
				B4CF35C510802CE100D6D204 /* libxml2.dylib in Frameworks */,
				B4B78B8610812C960048C4A2 /* Security.framework in Frameworks */,
			);
			runOnlyForDeploymentPostprocessing = 0;
		};
/* End PBXFrameworksBuildPhase section */

/* Begin PBXGroup section */
		080E96DDFE201D6D7F000001 /* Classes */ = {
			isa = PBXGroup;
			children = (
				B4B78C7F10814C9C0048C4A2 /* update */,
				B4B78C7E10814C8F0048C4A2 /* account */,
				1D3623240D0F684500981E51 /* tweet_only_iphoneAppDelegate.h */,
				1D3623250D0F684500981E51 /* tweet_only_iphoneAppDelegate.m */,
				B4B78B33108125960048C4A2 /* keychain */,
			);
			path = Classes;
			sourceTree = "<group>";
		};
		19C28FACFE9D520D11CA2CBB /* Products */ = {
			isa = PBXGroup;
			children = (
				1D6058910D05DD3D006BFB54 /* Tweet Only.app */,
			);
			name = Products;
			sourceTree = "<group>";
		};
		29B97314FDCFA39411CA2CEA /* tweet-only-iphone */ = {
			isa = PBXGroup;
			children = (
				B43C1DC710823D520076C250 /* libgmalloc.B.dylib */,
				B43C1DC810823D520076C250 /* libgmalloc.dylib */,
				B43C1DC910823D520076C250 /* libMallocDebug.A.dylib */,
				B43C1DC310823D1E0076C250 /* libgmalloc.dylib */,
				B4FA306A107929CD00CA91EA /* MGTwitterEngine-1.0.8 */,
				080E96DDFE201D6D7F000001 /* Classes */,
				29B97315FDCFA39411CA2CEA /* Other Sources */,
				29B97317FDCFA39411CA2CEA /* Resources */,
				29B97323FDCFA39411CA2CEA /* Frameworks */,
				19C28FACFE9D520D11CA2CBB /* Products */,
				B4FA30D810792D8000CA91EA /* libxml2.2.7.3.dylib */,
				B4FA3128107931A600CA91EA /* libicucore.dylib */,
				B4CF35C410802CE100D6D204 /* libxml2.dylib */,
				B4B78B5D108128270048C4A2 /* crt3.o */,
				B4B78B8510812C960048C4A2 /* Security.framework */,
			);
			name = "tweet-only-iphone";
			sourceTree = "<group>";
		};
		29B97315FDCFA39411CA2CEA /* Other Sources */ = {
			isa = PBXGroup;
			children = (
				28A0AB4B0D9B1048005BE974 /* tweet_only_iphone_Prefix.pch */,
				29B97316FDCFA39411CA2CEA /* main.m */,
			);
			name = "Other Sources";
			sourceTree = "<group>";
		};
		29B97317FDCFA39411CA2CEA /* Resources */ = {
			isa = PBXGroup;
			children = (
				B42E829F1083B99A00092982 /* Default.png */,
				B42E82A01083B99A00092982 /* Default.xcf */,
				B42E822D1083B0B000092982 /* Icon.png */,
				B42E813C1083915600092982 /* JosephWain */,
				B42E7FC71082FF5B00092982 /* empty-checkmark-area.png */,
				B42E7F3D1082F71B00092982 /* black-checkmark.png */,
				B42E7E971082E40700092982 /* AccountEditViewController.xib */,
				B4B78C38108148500048C4A2 /* MainWindow.xib */,
				8D1107310486CEB800E47090 /* tweet_only_iphone-Info.plist */,
			);
			name = Resources;
			sourceTree = "<group>";
		};
		29B97323FDCFA39411CA2CEA /* Frameworks */ = {
			isa = PBXGroup;
			children = (
				1DF5F4DF0D08C38300B7A737 /* UIKit.framework */,
				1D30AB110D05D00D00671497 /* Foundation.framework */,
				288765070DF74369002DB57D /* CoreGraphics.framework */,
			);
			name = Frameworks;
			sourceTree = "<group>";
		};
		B42E813C1083915600092982 /* JosephWain */ = {
			isa = PBXGroup;
			children = (
				B42E813D1083915600092982 /* 01-refresh.png */,
				B42E813E1083915600092982 /* 02-redo.png */,
				B42E813F1083915600092982 /* 03-loopback.png */,
				B42E81401083915600092982 /* 04-squiggle.png */,
				B42E81411083915600092982 /* 05-shuffle.png */,
				B42E81421083915600092982 /* 07-map-marker.png */,
				B42E81431083915600092982 /* 08-chat.png */,
				B42E81441083915600092982 /* 09-chat2.png */,
				B42E81451083915600092982 /* 10-medical.png */,
				B42E81461083915600092982 /* 11-clock.png */,
				B42E81471083915600092982 /* 12-eye.png */,
				B42E81481083915600092982 /* 13-target.png */,
				B42E81491083915600092982 /* 14-tag.png */,
				B42E814A1083915600092982 /* 15-tags.png */,
				B42E814B1083915600092982 /* 16-line-chart.png */,
				B42E814C1083915600092982 /* 17-bar-chart.png */,
				B42E814D1083915600092982 /* 18-envelope.png */,
				B42E814E1083915600092982 /* 19-gear.png */,
				B42E814F1083915600092982 /* 20-gear2.png */,
				B42E81501083915600092982 /* 21-skull.png */,
				B42E81511083915600092982 /* 22-skull-n-crossbones.png */,
				B42E81521083915600092982 /* 23-bird.png */,
				B42E81531083915600092982 /* 24-gift.png */,
				B42E81541083915600092982 /* 25-weather.png */,
				B42E81551083915600092982 /* 26-bandaid.png */,
				B42E81561083915600092982 /* 27-planet.png */,
				B42E81571083915600092982 /* 28-star.png */,
				B42E81581083915600092982 /* 29-heart.png */,
				B42E81591083915600092982 /* 30-key.png */,
				B42E815A1083915600092982 /* 31-ipod.png */,
				B42E815B1083915600092982 /* 32-iphone.png */,
				B42E815C1083915600092982 /* 33-cabinet.png */,
				B42E815D1083915600092982 /* 34-coffee.png */,
				B42E815E1083915600092982 /* 35-shopping-bag.png */,
				B42E815F1083915600092982 /* 36-toolbox.png */,
				B42E81601083915600092982 /* 37-suitcase.png */,
				B42E81611083915600092982 /* 38-airplane.png */,
				B42E81621083915600092982 /* 39-spraycan.png */,
				B42E81631083915600092982 /* 40-inbox.png */,
				B42E81641083915600092982 /* 41-picture-frame.png */,
				B42E81651083915600092982 /* 42-photos.png */,
				B42E81661083915600092982 /* 43-film-roll.png */,
				B42E81671083915600092982 /* 44-shoebox.png */,
				B42E81681083915600092982 /* 45-movie1.png */,
				B42E81691083915600092982 /* 46-movie2.png */,
				B42E816A1083915600092982 /* 47-fuel.png */,
				B42E816B1083915600092982 /* 48-fork-and-knife.png */,
				B42E816C1083915600092982 /* 49-battery.png */,
				B42E816D1083915600092982 /* 50-beaker.png */,
				B42E816E1083915600092982 /* 51-outlet.png */,
				B42E816F1083915600092982 /* 52-pinetree.png */,
				B42E81701083915600092982 /* 53-house.png */,
				B42E81711083915600092982 /* 54-lock.png */,
				B42E81721083915600092982 /* 55-network.png */,
				B42E81731083915600092982 /* 56-cloud.png */,
				B42E81741083915600092982 /* 57-download.png */,
				B42E81751083915600092982 /* 58-bookmark.png */,
				B42E81761083915600092982 /* 59-flag.png */,
				B42E81771083915600092982 /* 60-signpost.png */,
				B42E81781083915600092982 /* 61-brightness.png */,
				B42E81791083915600092982 /* 62-contrast.png */,
				B42E817A1083915600092982 /* 63-runner.png */,
				B42E817B1083915600092982 /* 64-zap.png */,
				B42E817C1083915600092982 /* 65-note.png */,
				B42E817D1083915600092982 /* 66-microphone.png */,
				B42E817E1083915600092982 /* 67-tshirt.png */,
				B42E817F1083915600092982 /* 68-display.png */,
				B42E81801083915600092982 /* 69-paperclip.png */,
				B42E81811083915600092982 /* 70-tv.png */,
				B42E81821083915600092982 /* 71-compass.png */,
				B42E81831083915600092982 /* 72-pin.png */,
				B42E81841083915600092982 /* 73-radar.png */,
				B42E81851083915600092982 /* 74-location.png */,
				B42E81861083915600092982 /* Read me first - license.txt */,
			);
			name = JosephWain;
			path = Resources/JosephWain;
			sourceTree = "<group>";
		};
		B4B78B33108125960048C4A2 /* keychain */ = {
			isa = PBXGroup;
			children = (
				B4B78B34108125AD0048C4A2 /* KeychainUtils.h */,
				B4B78B35108125AD0048C4A2 /* KeychainUtils.m */,
			);
			name = keychain;
			sourceTree = "<group>";
		};
		B4B78C7E10814C8F0048C4A2 /* account */ = {
			isa = PBXGroup;
			children = (
				B4B78DCF1081535D0048C4A2 /* Account.h */,
				B4B78DD01081535D0048C4A2 /* Account.m */,
				B4B78C8310814D570048C4A2 /* AccountManager.h */,
				B4B78C8410814D570048C4A2 /* AccountManager.m */,
				B4B78C4710814A8B0048C4A2 /* AccountsViewController.h */,
				B4B78C4810814A8B0048C4A2 /* AccountsViewController.m */,
				B4B78F62108193AD0048C4A2 /* AccountEditViewController.h */,
				B4B78F63108193AD0048C4A2 /* AccountEditViewController.m */,
			);
			name = account;
			sourceTree = "<group>";
		};
		B4B78C7F10814C9C0048C4A2 /* update */ = {
			isa = PBXGroup;
			children = (
				B4B78C6610814C2A0048C4A2 /* PostTweetViewController.h */,
				B4B78C6710814C2A0048C4A2 /* PostTweetViewController.m */,
			);
			name = update;
			sourceTree = "<group>";
		};
		B4FA306A107929CD00CA91EA /* MGTwitterEngine-1.0.8 */ = {
			isa = PBXGroup;
			children = (
				B4FA3073107929CD00CA91EA /* MGTwitterEngine.h */,
				B4FA3074107929CD00CA91EA /* MGTwitterEngine.m */,
				B4FA3078107929CD00CA91EA /* MGTwitterEngine_Prefix.pch */,
				B4FA3079107929CD00CA91EA /* MGTwitterEngineDelegate.h */,
				B4FA307A107929CD00CA91EA /* MGTwitterEngineGlobalHeader.h */,
				B4FA307B107929CD00CA91EA /* MGTwitterHTTPURLConnection.h */,
				B4FA307C107929CD00CA91EA /* MGTwitterHTTPURLConnection.m */,
				B4FA307D107929CD00CA91EA /* MGTwitterLibXMLParser.h */,
				B4FA307E107929CD00CA91EA /* MGTwitterLibXMLParser.m */,
				B4FA307F107929CD00CA91EA /* MGTwitterMessagesLibXMLParser.h */,
				B4FA3080107929CD00CA91EA /* MGTwitterMessagesLibXMLParser.m */,
				B4FA3081107929CD00CA91EA /* MGTwitterMessagesParser.h */,
				B4FA3082107929CD00CA91EA /* MGTwitterMessagesParser.m */,
				B4FA3083107929CD00CA91EA /* MGTwitterMiscLibXMLParser.h */,
				B4FA3084107929CD00CA91EA /* MGTwitterMiscLibXMLParser.m */,
				B4FA3085107929CD00CA91EA /* MGTwitterMiscParser.h */,
				B4FA3086107929CD00CA91EA /* MGTwitterMiscParser.m */,
				B4FA3087107929CD00CA91EA /* MGTwitterParserDelegate.h */,
				B4FA3088107929CD00CA91EA /* MGTwitterRequestTypes.h */,
				B4FA3089107929CD00CA91EA /* MGTwitterStatusesLibXMLParser.h */,
				B4FA308A107929CD00CA91EA /* MGTwitterStatusesLibXMLParser.m */,
				B4FA308B107929CD00CA91EA /* MGTwitterStatusesParser.h */,
				B4FA308C107929CD00CA91EA /* MGTwitterStatusesParser.m */,
				B4FA308D107929CD00CA91EA /* MGTwitterUsersLibXMLParser.h */,
				B4FA308E107929CD00CA91EA /* MGTwitterUsersLibXMLParser.m */,
				B4FA308F107929CD00CA91EA /* MGTwitterUsersParser.h */,
				B4FA3090107929CD00CA91EA /* MGTwitterUsersParser.m */,
				B4FA3091107929CD00CA91EA /* MGTwitterXMLParser.h */,
				B4FA3092107929CD00CA91EA /* MGTwitterXMLParser.m */,
				B4FA3093107929CD00CA91EA /* NSData+Base64.h */,
				B4FA3094107929CD00CA91EA /* NSData+Base64.m */,
				B4FA3095107929CD00CA91EA /* NSString+UUID.h */,
				B4FA3096107929CD00CA91EA /* NSString+UUID.m */,
				B4FA3097107929CD00CA91EA /* README.txt */,
				B4FA3098107929CD00CA91EA /* Source Code License.rtf */,
			);
			path = "MGTwitterEngine-1.0.8";
			sourceTree = "<group>";
		};
/* End PBXGroup section */

/* Begin PBXNativeTarget section */
		1D6058900D05DD3D006BFB54 /* Tweet Only */ = {
			isa = PBXNativeTarget;
			buildConfigurationList = 1D6058960D05DD3E006BFB54 /* Build configuration list for PBXNativeTarget "Tweet Only" */;
			buildPhases = (
				1D60588D0D05DD3D006BFB54 /* Resources */,
				1D60588E0D05DD3D006BFB54 /* Sources */,
				1D60588F0D05DD3D006BFB54 /* Frameworks */,
			);
			buildRules = (
			);
			dependencies = (
			);
			name = "Tweet Only";
			productName = "tweet-only-iphone";
			productReference = 1D6058910D05DD3D006BFB54 /* Tweet Only.app */;
			productType = "com.apple.product-type.application";
		};
/* End PBXNativeTarget section */

/* Begin PBXProject section */
		29B97313FDCFA39411CA2CEA /* Project object */ = {
			isa = PBXProject;
			buildConfigurationList = C01FCF4E08A954540054247B /* Build configuration list for PBXProject "tweet-only-iphone" */;
			compatibilityVersion = "Xcode 3.1";
			hasScannedForEncodings = 1;
			mainGroup = 29B97314FDCFA39411CA2CEA /* tweet-only-iphone */;
			projectDirPath = "";
			projectRoot = "";
			targets = (
				1D6058900D05DD3D006BFB54 /* Tweet Only */,
			);
		};
/* End PBXProject section */

/* Begin PBXResourcesBuildPhase section */
		1D60588D0D05DD3D006BFB54 /* Resources */ = {
			isa = PBXResourcesBuildPhase;
			buildActionMask = 2147483647;
			files = (
				B4FA30AD107929CD00CA91EA /* README.txt in Resources */,
				B4FA30AE107929CD00CA91EA /* Source Code License.rtf in Resources */,
				B4B78C39108148500048C4A2 /* MainWindow.xib in Resources */,
				B42E7E981082E40700092982 /* AccountEditViewController.xib in Resources */,
				B42E7F3E1082F71B00092982 /* black-checkmark.png in Resources */,
				B42E7FC81082FF5B00092982 /* empty-checkmark-area.png in Resources */,
				B42E81871083915600092982 /* 01-refresh.png in Resources */,
				B42E81881083915600092982 /* 02-redo.png in Resources */,
				B42E81891083915600092982 /* 03-loopback.png in Resources */,
				B42E818A1083915600092982 /* 04-squiggle.png in Resources */,
				B42E818B1083915600092982 /* 05-shuffle.png in Resources */,
				B42E818C1083915600092982 /* 07-map-marker.png in Resources */,
				B42E818D1083915600092982 /* 08-chat.png in Resources */,
				B42E818E1083915600092982 /* 09-chat2.png in Resources */,
				B42E818F1083915600092982 /* 10-medical.png in Resources */,
				B42E81901083915600092982 /* 11-clock.png in Resources */,
				B42E81911083915600092982 /* 12-eye.png in Resources */,
				B42E81921083915600092982 /* 13-target.png in Resources */,
				B42E81931083915600092982 /* 14-tag.png in Resources */,
				B42E81941083915600092982 /* 15-tags.png in Resources */,
				B42E81951083915600092982 /* 16-line-chart.png in Resources */,
				B42E81961083915600092982 /* 17-bar-chart.png in Resources */,
				B42E81971083915600092982 /* 18-envelope.png in Resources */,
				B42E81981083915600092982 /* 19-gear.png in Resources */,
				B42E81991083915600092982 /* 20-gear2.png in Resources */,
				B42E819A1083915600092982 /* 21-skull.png in Resources */,
				B42E819B1083915600092982 /* 22-skull-n-crossbones.png in Resources */,
				B42E819C1083915600092982 /* 23-bird.png in Resources */,
				B42E819D1083915600092982 /* 24-gift.png in Resources */,
				B42E819E1083915600092982 /* 25-weather.png in Resources */,
				B42E819F1083915600092982 /* 26-bandaid.png in Resources */,
				B42E81A01083915600092982 /* 27-planet.png in Resources */,
				B42E81A11083915600092982 /* 28-star.png in Resources */,
				B42E81A21083915600092982 /* 29-heart.png in Resources */,
				B42E81A31083915600092982 /* 30-key.png in Resources */,
				B42E81A41083915600092982 /* 31-ipod.png in Resources */,
				B42E81A51083915600092982 /* 32-iphone.png in Resources */,
				B42E81A61083915600092982 /* 33-cabinet.png in Resources */,
				B42E81A71083915600092982 /* 34-coffee.png in Resources */,
				B42E81A81083915600092982 /* 35-shopping-bag.png in Resources */,
				B42E81A91083915600092982 /* 36-toolbox.png in Resources */,
				B42E81AA1083915600092982 /* 37-suitcase.png in Resources */,
				B42E81AB1083915600092982 /* 38-airplane.png in Resources */,
				B42E81AC1083915600092982 /* 39-spraycan.png in Resources */,
				B42E81AD1083915600092982 /* 40-inbox.png in Resources */,
				B42E81AE1083915600092982 /* 41-picture-frame.png in Resources */,
				B42E81AF1083915600092982 /* 42-photos.png in Resources */,
				B42E81B01083915600092982 /* 43-film-roll.png in Resources */,
				B42E81B11083915600092982 /* 44-shoebox.png in Resources */,
				B42E81B21083915600092982 /* 45-movie1.png in Resources */,
				B42E81B31083915600092982 /* 46-movie2.png in Resources */,
				B42E81B41083915600092982 /* 47-fuel.png in Resources */,
				B42E81B51083915600092982 /* 48-fork-and-knife.png in Resources */,
				B42E81B61083915600092982 /* 49-battery.png in Resources */,
				B42E81B71083915600092982 /* 50-beaker.png in Resources */,
				B42E81B81083915600092982 /* 51-outlet.png in Resources */,
				B42E81B91083915600092982 /* 52-pinetree.png in Resources */,
				B42E81BA1083915600092982 /* 53-house.png in Resources */,
				B42E81BB1083915600092982 /* 54-lock.png in Resources */,
				B42E81BC1083915600092982 /* 55-network.png in Resources */,
				B42E81BD1083915600092982 /* 56-cloud.png in Resources */,
				B42E81BE1083915600092982 /* 57-download.png in Resources */,
				B42E81BF1083915600092982 /* 58-bookmark.png in Resources */,
				B42E81C01083915600092982 /* 59-flag.png in Resources */,
				B42E81C11083915600092982 /* 60-signpost.png in Resources */,
				B42E81C21083915600092982 /* 61-brightness.png in Resources */,
				B42E81C31083915600092982 /* 62-contrast.png in Resources */,
				B42E81C41083915600092982 /* 63-runner.png in Resources */,
				B42E81C51083915600092982 /* 64-zap.png in Resources */,
				B42E81C61083915600092982 /* 65-note.png in Resources */,
				B42E81C71083915600092982 /* 66-microphone.png in Resources */,
				B42E81C81083915600092982 /* 67-tshirt.png in Resources */,
				B42E81C91083915600092982 /* 68-display.png in Resources */,
				B42E81CA1083915600092982 /* 69-paperclip.png in Resources */,
				B42E81CB1083915600092982 /* 70-tv.png in Resources */,
				B42E81CC1083915600092982 /* 71-compass.png in Resources */,
				B42E81CD1083915600092982 /* 72-pin.png in Resources */,
				B42E81CE1083915600092982 /* 73-radar.png in Resources */,
				B42E81CF1083915600092982 /* 74-location.png in Resources */,
				B42E81D01083915600092982 /* Read me first - license.txt in Resources */,
				B42E822E1083B0B000092982 /* Icon.png in Resources */,
				B42E82A11083B99A00092982 /* Default.png in Resources */,
				B42E82A21083B99A00092982 /* Default.xcf in Resources */,
			);
			runOnlyForDeploymentPostprocessing = 0;
		};
/* End PBXResourcesBuildPhase section */

/* Begin PBXSourcesBuildPhase section */
		1D60588E0D05DD3D006BFB54 /* Sources */ = {
			isa = PBXSourcesBuildPhase;
			buildActionMask = 2147483647;
			files = (
				1D60589B0D05DD56006BFB54 /* main.m in Sources */,
				1D3623260D0F684500981E51 /* tweet_only_iphoneAppDelegate.m in Sources */,
				B4FA309F107929CD00CA91EA /* MGTwitterEngine.m in Sources */,
				B4FA30A0107929CD00CA91EA /* MGTwitterHTTPURLConnection.m in Sources */,
				B4FA30A1107929CD00CA91EA /* MGTwitterLibXMLParser.m in Sources */,
				B4FA30A2107929CD00CA91EA /* MGTwitterMessagesLibXMLParser.m in Sources */,
				B4FA30A3107929CD00CA91EA /* MGTwitterMessagesParser.m in Sources */,
				B4FA30A4107929CD00CA91EA /* MGTwitterMiscLibXMLParser.m in Sources */,
				B4FA30A5107929CD00CA91EA /* MGTwitterMiscParser.m in Sources */,
				B4FA30A6107929CD00CA91EA /* MGTwitterStatusesLibXMLParser.m in Sources */,
				B4FA30A7107929CD00CA91EA /* MGTwitterStatusesParser.m in Sources */,
				B4FA30A8107929CD00CA91EA /* MGTwitterUsersLibXMLParser.m in Sources */,
				B4FA30A9107929CD00CA91EA /* MGTwitterUsersParser.m in Sources */,
				B4FA30AA107929CD00CA91EA /* MGTwitterXMLParser.m in Sources */,
				B4FA30AB107929CD00CA91EA /* NSData+Base64.m in Sources */,
				B4FA30AC107929CD00CA91EA /* NSString+UUID.m in Sources */,
				B4B78B36108125AD0048C4A2 /* KeychainUtils.m in Sources */,
				B4B78C4910814A8B0048C4A2 /* AccountsViewController.m in Sources */,
				B4B78C6810814C2A0048C4A2 /* PostTweetViewController.m in Sources */,
				B4B78C8510814D570048C4A2 /* AccountManager.m in Sources */,
				B4B78DD11081535D0048C4A2 /* Account.m in Sources */,
				B4B78F64108193AD0048C4A2 /* AccountEditViewController.m in Sources */,
			);
			runOnlyForDeploymentPostprocessing = 0;
		};
/* End PBXSourcesBuildPhase section */

/* Begin XCBuildConfiguration section */
		1D6058940D05DD3E006BFB54 /* Debug */ = {
			isa = XCBuildConfiguration;
			buildSettings = {
				ALWAYS_SEARCH_USER_PATHS = NO;
				COPY_PHASE_STRIP = NO;
				GCC_DYNAMIC_NO_PIC = NO;
				GCC_OPTIMIZATION_LEVEL = 0;
				GCC_PRECOMPILE_PREFIX_HEADER = YES;
				GCC_PREFIX_HEADER = tweet_only_iphone_Prefix.pch;
				HEADER_SEARCH_PATHS = "${SDKROOT}/usr/include/libxml2/**";
				INFOPLIST_FILE = "tweet_only_iphone-Info.plist";
				LIBRARY_SEARCH_PATHS = (
					"$(inherited)",
					"\"$(DEVELOPER_DIR)/usr/lib\"",
				);
				ONLY_ACTIVE_ARCH = YES;
				PRODUCT_NAME = "Tweet Only";
				SDKROOT = iphoneos2.2.1;
				WARNING_LDFLAGS = "";
			};
			name = Debug;
		};
		1D6058950D05DD3E006BFB54 /* Release */ = {
			isa = XCBuildConfiguration;
			buildSettings = {
				ALWAYS_SEARCH_USER_PATHS = NO;
				COPY_PHASE_STRIP = YES;
				GCC_PRECOMPILE_PREFIX_HEADER = YES;
				GCC_PREFIX_HEADER = tweet_only_iphone_Prefix.pch;
				INFOPLIST_FILE = "tweet_only_iphone-Info.plist";
				LIBRARY_SEARCH_PATHS = (
					"$(inherited)",
					"\"$(DEVELOPER_DIR)/usr/lib\"",
				);
				PRODUCT_NAME = "tweet-only-iphone";
			};
			name = Release;
		};
		C01FCF4F08A954540054247B /* Debug */ = {
			isa = XCBuildConfiguration;
			buildSettings = {
				ARCHS = "$(ARCHS_STANDARD_32_BIT)";
				"CODE_SIGN_IDENTITY[sdk=iphoneos*]" = "iPhone Developer";
				GCC_C_LANGUAGE_STANDARD = c99;
				GCC_WARN_ABOUT_RETURN_TYPE = YES;
				GCC_WARN_UNUSED_VARIABLE = YES;
				PREBINDING = NO;
				SDKROOT = iphoneos3.1;
			};
			name = Debug;
		};
		C01FCF5008A954540054247B /* Release */ = {
			isa = XCBuildConfiguration;
			buildSettings = {
				ARCHS = "$(ARCHS_STANDARD_32_BIT)";
				"CODE_SIGN_IDENTITY[sdk=iphoneos*]" = "iPhone Developer";
				GCC_C_LANGUAGE_STANDARD = c99;
				GCC_WARN_ABOUT_RETURN_TYPE = YES;
				GCC_WARN_UNUSED_VARIABLE = YES;
				PREBINDING = NO;
				SDKROOT = iphoneos3.1;
			};
			name = Release;
		};
/* End XCBuildConfiguration section */

/* Begin XCConfigurationList section */
		1D6058960D05DD3E006BFB54 /* Build configuration list for PBXNativeTarget "Tweet Only" */ = {
			isa = XCConfigurationList;
			buildConfigurations = (
				1D6058940D05DD3E006BFB54 /* Debug */,
				1D6058950D05DD3E006BFB54 /* Release */,
			);
			defaultConfigurationIsVisible = 0;
			defaultConfigurationName = Release;
		};
		C01FCF4E08A954540054247B /* Build configuration list for PBXProject "tweet-only-iphone" */ = {
			isa = XCConfigurationList;
			buildConfigurations = (
				C01FCF4F08A954540054247B /* Debug */,
				C01FCF5008A954540054247B /* Release */,
			);
			defaultConfigurationIsVisible = 0;
			defaultConfigurationName = Release;
		};
/* End XCConfigurationList section */
	};
	rootObject = 29B97313FDCFA39411CA2CEA /* Project object */;
}
