// !$*UTF8*$!
{
	archiveVersion = 1;
	classes = {
	};
	objectVersion = 45;
	objects = {

/* Begin PBXBuildFile section */
		1D3623260D0F684500981E51 /* tweet_only_iphoneAppDelegate.m in Sources */ = {isa = PBXBuildFile; fileRef = 1D3623250D0F684500981E51 /* tweet_only_iphoneAppDelegate.m */; };
		1D60589B0D05DD56006BFB54 /* main.m in Sources */ = {isa = PBXBuildFile; fileRef = 29B97316FDCFA39411CA2CEA /* main.m */; };
		1D60589F0D05DD5A006BFB54 /* Foundation.framework in Frameworks */ = {isa = PBXBuildFile; fileRef = 1D30AB110D05D00D00671497 /* Foundation.framework */; };
		1DF5F4E00D08C38300B7A737 /* UIKit.framework in Frameworks */ = {isa = PBXBuildFile; fileRef = 1DF5F4DF0D08C38300B7A737 /* UIKit.framework */; };
		28216C970DB411BC00E5133A /* FirstViewController.m in Sources */ = {isa = PBXBuildFile; fileRef = 28216C960DB411BC00E5133A /* FirstViewController.m */; };
		288765080DF74369002DB57D /* CoreGraphics.framework in Frameworks */ = {isa = PBXBuildFile; fileRef = 288765070DF74369002DB57D /* CoreGraphics.framework */; };
		B4B78B36108125AD0048C4A2 /* KeychainUtils.m in Sources */ = {isa = PBXBuildFile; fileRef = B4B78B35108125AD0048C4A2 /* KeychainUtils.m */; };
		B4B78B8610812C960048C4A2 /* Security.framework in Frameworks */ = {isa = PBXBuildFile; fileRef = B4B78B8510812C960048C4A2 /* Security.framework */; };
		B4B78C39108148500048C4A2 /* MainWindow.xib in Resources */ = {isa = PBXBuildFile; fileRef = B4B78C38108148500048C4A2 /* MainWindow.xib */; };
		B4CF35C510802CE100D6D204 /* libxml2.dylib in Frameworks */ = {isa = PBXBuildFile; fileRef = B4CF35C410802CE100D6D204 /* libxml2.dylib */; };
		B4FA309F107929CD00CA91EA /* MGTwitterEngine.m in Sources */ = {isa = PBXBuildFile; fileRef = B4FA3074107929CD00CA91EA /* MGTwitterEngine.m */; };
		B4FA30A0107929CD00CA91EA /* MGTwitterHTTPURLConnection.m in Sources */ = {isa = PBXBuildFile; fileRef = B4FA307C107929CD00CA91EA /* MGTwitterHTTPURLConnection.m */; };
		B4FA30A1107929CD00CA91EA /* MGTwitterLibXMLParser.m in Sources */ = {isa = PBXBuildFile; fileRef = B4FA307E107929CD00CA91EA /* MGTwitterLibXMLParser.m */; };
		B4FA30A2107929CD00CA91EA /* MGTwitterMessagesLibXMLParser.m in Sources */ = {isa = PBXBuildFile; fileRef = B4FA3080107929CD00CA91EA /* MGTwitterMessagesLibXMLParser.m */; };
		B4FA30A3107929CD00CA91EA /* MGTwitterMessagesParser.m in Sources */ = {isa = PBXBuildFile; fileRef = B4FA3082107929CD00CA91EA /* MGTwitterMessagesParser.m */; };
		B4FA30A4107929CD00CA91EA /* MGTwitterMiscLibXMLParser.m in Sources */ = {isa = PBXBuildFile; fileRef = B4FA3084107929CD00CA91EA /* MGTwitterMiscLibXMLParser.m */; };
		B4FA30A5107929CD00CA91EA /* MGTwitterMiscParser.m in Sources */ = {isa = PBXBuildFile; fileRef = B4FA3086107929CD00CA91EA /* MGTwitterMiscParser.m */; };
		B4FA30A6107929CD00CA91EA /* MGTwitterStatusesLibXMLParser.m in Sources */ = {isa = PBXBuildFile; fileRef = B4FA308A107929CD00CA91EA /* MGTwitterStatusesLibXMLParser.m */; };
		B4FA30A7107929CD00CA91EA /* MGTwitterStatusesParser.m in Sources */ = {isa = PBXBuildFile; fileRef = B4FA308C107929CD00CA91EA /* MGTwitterStatusesParser.m */; };
		B4FA30A8107929CD00CA91EA /* MGTwitterUsersLibXMLParser.m in Sources */ = {isa = PBXBuildFile; fileRef = B4FA308E107929CD00CA91EA /* MGTwitterUsersLibXMLParser.m */; };
		B4FA30A9107929CD00CA91EA /* MGTwitterUsersParser.m in Sources */ = {isa = PBXBuildFile; fileRef = B4FA3090107929CD00CA91EA /* MGTwitterUsersParser.m */; };
		B4FA30AA107929CD00CA91EA /* MGTwitterXMLParser.m in Sources */ = {isa = PBXBuildFile; fileRef = B4FA3092107929CD00CA91EA /* MGTwitterXMLParser.m */; };
		B4FA30AB107929CD00CA91EA /* NSData+Base64.m in Sources */ = {isa = PBXBuildFile; fileRef = B4FA3094107929CD00CA91EA /* NSData+Base64.m */; };
		B4FA30AC107929CD00CA91EA /* NSString+UUID.m in Sources */ = {isa = PBXBuildFile; fileRef = B4FA3096107929CD00CA91EA /* NSString+UUID.m */; };
		B4FA30AD107929CD00CA91EA /* README.txt in Resources */ = {isa = PBXBuildFile; fileRef = B4FA3097107929CD00CA91EA /* README.txt */; };
		B4FA30AE107929CD00CA91EA /* Source Code License.rtf in Resources */ = {isa = PBXBuildFile; fileRef = B4FA3098107929CD00CA91EA /* Source Code License.rtf */; };
/* End PBXBuildFile section */

/* Begin PBXFileReference section */
		1D30AB110D05D00D00671497 /* Foundation.framework */ = {isa = PBXFileReference; lastKnownFileType = wrapper.framework; name = Foundation.framework; path = System/Library/Frameworks/Foundation.framework; sourceTree = SDKROOT; };
		1D3623240D0F684500981E51 /* tweet_only_iphoneAppDelegate.h */ = {isa = PBXFileReference; fileEncoding = 4; lastKnownFileType = sourcecode.c.h; path = tweet_only_iphoneAppDelegate.h; sourceTree = "<group>"; };
		1D3623250D0F684500981E51 /* tweet_only_iphoneAppDelegate.m */ = {isa = PBXFileReference; fileEncoding = 4; lastKnownFileType = sourcecode.c.objc; path = tweet_only_iphoneAppDelegate.m; sourceTree = "<group>"; };
		1D6058910D05DD3D006BFB54 /* Tweet Only.app */ = {isa = PBXFileReference; explicitFileType = wrapper.application; includeInIndex = 0; path = "Tweet Only.app"; sourceTree = BUILT_PRODUCTS_DIR; };
		1DF5F4DF0D08C38300B7A737 /* UIKit.framework */ = {isa = PBXFileReference; lastKnownFileType = wrapper.framework; name = UIKit.framework; path = System/Library/Frameworks/UIKit.framework; sourceTree = SDKROOT; };
		28216C950DB411BC00E5133A /* FirstViewController.h */ = {isa = PBXFileReference; fileEncoding = 4; lastKnownFileType = sourcecode.c.h; path = FirstViewController.h; sourceTree = "<group>"; };
		28216C960DB411BC00E5133A /* FirstViewController.m */ = {isa = PBXFileReference; fileEncoding = 4; lastKnownFileType = sourcecode.c.objc; path = FirstViewController.m; sourceTree = "<group>"; };
		288765070DF74369002DB57D /* CoreGraphics.framework */ = {isa = PBXFileReference; lastKnownFileType = wrapper.framework; name = CoreGraphics.framework; path = System/Library/Frameworks/CoreGraphics.framework; sourceTree = SDKROOT; };
		28A0AB4B0D9B1048005BE974 /* tweet_only_iphone_Prefix.pch */ = {isa = PBXFileReference; fileEncoding = 4; lastKnownFileType = sourcecode.c.h; path = tweet_only_iphone_Prefix.pch; sourceTree = "<group>"; };
		29B97316FDCFA39411CA2CEA /* main.m */ = {isa = PBXFileReference; fileEncoding = 4; lastKnownFileType = sourcecode.c.objc; path = main.m; sourceTree = "<group>"; };
		8D1107310486CEB800E47090 /* tweet_only_iphone-Info.plist */ = {isa = PBXFileReference; fileEncoding = 4; lastKnownFileType = text.plist.xml; path = "tweet_only_iphone-Info.plist"; plistStructureDefinitionIdentifier = "com.apple.xcode.plist.structure-definition.iphone.info-plist"; sourceTree = "<group>"; };
		B4B78B34108125AD0048C4A2 /* KeychainUtils.h */ = {isa = PBXFileReference; fileEncoding = 4; lastKnownFileType = sourcecode.c.h; path = KeychainUtils.h; sourceTree = "<group>"; };
		B4B78B35108125AD0048C4A2 /* KeychainUtils.m */ = {isa = PBXFileReference; fileEncoding = 4; lastKnownFileType = sourcecode.c.objc; path = KeychainUtils.m; sourceTree = "<group>"; };
		B4B78B5D108128270048C4A2 /* crt3.o */ = {isa = PBXFileReference; lastKnownFileType = "compiled.mach-o.objfile"; name = crt3.o; path = "usr/lib/gcc/arm-apple-darwin9/4.0.1/crt3.o"; sourceTree = SDKROOT; };
		B4B78B8510812C960048C4A2 /* Security.framework */ = {isa = PBXFileReference; lastKnownFileType = wrapper.framework; name = Security.framework; path = System/Library/Frameworks/Security.framework; sourceTree = SDKROOT; };
		B4B78C38108148500048C4A2 /* MainWindow.xib */ = {isa = PBXFileReference; lastKnownFileType = file.xib; name = MainWindow.xib; path = Resources/MainWindow.xib; sourceTree = "<group>"; };
		B4CF35C410802CE100D6D204 /* libxml2.dylib */ = {isa = PBXFileReference; lastKnownFileType = "compiled.mach-o.dylib"; name = libxml2.dylib; path = usr/lib/libxml2.dylib; sourceTree = SDKROOT; };
		B4FA3073107929CD00CA91EA /* MGTwitterEngine.h */ = {isa = PBXFileReference; fileEncoding = 4; lastKnownFileType = sourcecode.c.h; path = MGTwitterEngine.h; sourceTree = "<group>"; };
		B4FA3074107929CD00CA91EA /* MGTwitterEngine.m */ = {isa = PBXFileReference; fileEncoding = 4; lastKnownFileType = sourcecode.c.objc; path = MGTwitterEngine.m; sourceTree = "<group>"; };
		B4FA3078107929CD00CA91EA /* MGTwitterEngine_Prefix.pch */ = {isa = PBXFileReference; fileEncoding = 4; lastKnownFileType = sourcecode.c.h; path = MGTwitterEngine_Prefix.pch; sourceTree = "<group>"; };
		B4FA3079107929CD00CA91EA /* MGTwitterEngineDelegate.h */ = {isa = PBXFileReference; fileEncoding = 4; lastKnownFileType = sourcecode.c.h; path = MGTwitterEngineDelegate.h; sourceTree = "<group>"; };
		B4FA307A107929CD00CA91EA /* MGTwitterEngineGlobalHeader.h */ = {isa = PBXFileReference; fileEncoding = 4; lastKnownFileType = sourcecode.c.h; path = MGTwitterEngineGlobalHeader.h; sourceTree = "<group>"; };
		B4FA307B107929CD00CA91EA /* MGTwitterHTTPURLConnection.h */ = {isa = PBXFileReference; fileEncoding = 4; lastKnownFileType = sourcecode.c.h; path = MGTwitterHTTPURLConnection.h; sourceTree = "<group>"; };
		B4FA307C107929CD00CA91EA /* MGTwitterHTTPURLConnection.m */ = {isa = PBXFileReference; fileEncoding = 4; lastKnownFileType = sourcecode.c.objc; path = MGTwitterHTTPURLConnection.m; sourceTree = "<group>"; };
		B4FA307D107929CD00CA91EA /* MGTwitterLibXMLParser.h */ = {isa = PBXFileReference; fileEncoding = 4; lastKnownFileType = sourcecode.c.h; path = MGTwitterLibXMLParser.h; sourceTree = "<group>"; };
		B4FA307E107929CD00CA91EA /* MGTwitterLibXMLParser.m */ = {isa = PBXFileReference; fileEncoding = 4; lastKnownFileType = sourcecode.c.objc; path = MGTwitterLibXMLParser.m; sourceTree = "<group>"; };
		B4FA307F107929CD00CA91EA /* MGTwitterMessagesLibXMLParser.h */ = {isa = PBXFileReference; fileEncoding = 4; lastKnownFileType = sourcecode.c.h; path = MGTwitterMessagesLibXMLParser.h; sourceTree = "<group>"; };
		B4FA3080107929CD00CA91EA /* MGTwitterMessagesLibXMLParser.m */ = {isa = PBXFileReference; fileEncoding = 4; lastKnownFileType = sourcecode.c.objc; path = MGTwitterMessagesLibXMLParser.m; sourceTree = "<group>"; };
		B4FA3081107929CD00CA91EA /* MGTwitterMessagesParser.h */ = {isa = PBXFileReference; fileEncoding = 4; lastKnownFileType = sourcecode.c.h; path = MGTwitterMessagesParser.h; sourceTree = "<group>"; };
		B4FA3082107929CD00CA91EA /* MGTwitterMessagesParser.m */ = {isa = PBXFileReference; fileEncoding = 4; lastKnownFileType = sourcecode.c.objc; path = MGTwitterMessagesParser.m; sourceTree = "<group>"; };
		B4FA3083107929CD00CA91EA /* MGTwitterMiscLibXMLParser.h */ = {isa = PBXFileReference; fileEncoding = 4; lastKnownFileType = sourcecode.c.h; path = MGTwitterMiscLibXMLParser.h; sourceTree = "<group>"; };
		B4FA3084107929CD00CA91EA /* MGTwitterMiscLibXMLParser.m */ = {isa = PBXFileReference; fileEncoding = 4; lastKnownFileType = sourcecode.c.objc; path = MGTwitterMiscLibXMLParser.m; sourceTree = "<group>"; };
		B4FA3085107929CD00CA91EA /* MGTwitterMiscParser.h */ = {isa = PBXFileReference; fileEncoding = 4; lastKnownFileType = sourcecode.c.h; path = MGTwitterMiscParser.h; sourceTree = "<group>"; };
		B4FA3086107929CD00CA91EA /* MGTwitterMiscParser.m */ = {isa = PBXFileReference; fileEncoding = 4; lastKnownFileType = sourcecode.c.objc; path = MGTwitterMiscParser.m; sourceTree = "<group>"; };
		B4FA3087107929CD00CA91EA /* MGTwitterParserDelegate.h */ = {isa = PBXFileReference; fileEncoding = 4; lastKnownFileType = sourcecode.c.h; path = MGTwitterParserDelegate.h; sourceTree = "<group>"; };
		B4FA3088107929CD00CA91EA /* MGTwitterRequestTypes.h */ = {isa = PBXFileReference; fileEncoding = 4; lastKnownFileType = sourcecode.c.h; path = MGTwitterRequestTypes.h; sourceTree = "<group>"; };
		B4FA3089107929CD00CA91EA /* MGTwitterStatusesLibXMLParser.h */ = {isa = PBXFileReference; fileEncoding = 4; lastKnownFileType = sourcecode.c.h; path = MGTwitterStatusesLibXMLParser.h; sourceTree = "<group>"; };
		B4FA308A107929CD00CA91EA /* MGTwitterStatusesLibXMLParser.m */ = {isa = PBXFileReference; fileEncoding = 4; lastKnownFileType = sourcecode.c.objc; path = MGTwitterStatusesLibXMLParser.m; sourceTree = "<group>"; };
		B4FA308B107929CD00CA91EA /* MGTwitterStatusesParser.h */ = {isa = PBXFileReference; fileEncoding = 4; lastKnownFileType = sourcecode.c.h; path = MGTwitterStatusesParser.h; sourceTree = "<group>"; };
		B4FA308C107929CD00CA91EA /* MGTwitterStatusesParser.m */ = {isa = PBXFileReference; fileEncoding = 4; lastKnownFileType = sourcecode.c.objc; path = MGTwitterStatusesParser.m; sourceTree = "<group>"; };
		B4FA308D107929CD00CA91EA /* MGTwitterUsersLibXMLParser.h */ = {isa = PBXFileReference; fileEncoding = 4; lastKnownFileType = sourcecode.c.h; path = MGTwitterUsersLibXMLParser.h; sourceTree = "<group>"; };
		B4FA308E107929CD00CA91EA /* MGTwitterUsersLibXMLParser.m */ = {isa = PBXFileReference; fileEncoding = 4; lastKnownFileType = sourcecode.c.objc; path = MGTwitterUsersLibXMLParser.m; sourceTree = "<group>"; };
		B4FA308F107929CD00CA91EA /* MGTwitterUsersParser.h */ = {isa = PBXFileReference; fileEncoding = 4; lastKnownFileType = sourcecode.c.h; path = MGTwitterUsersParser.h; sourceTree = "<group>"; };
		B4FA3090107929CD00CA91EA /* MGTwitterUsersParser.m */ = {isa = PBXFileReference; fileEncoding = 4; lastKnownFileType = sourcecode.c.objc; path = MGTwitterUsersParser.m; sourceTree = "<group>"; };
		B4FA3091107929CD00CA91EA /* MGTwitterXMLParser.h */ = {isa = PBXFileReference; fileEncoding = 4; lastKnownFileType = sourcecode.c.h; path = MGTwitterXMLParser.h; sourceTree = "<group>"; };
		B4FA3092107929CD00CA91EA /* MGTwitterXMLParser.m */ = {isa = PBXFileReference; fileEncoding = 4; lastKnownFileType = sourcecode.c.objc; path = MGTwitterXMLParser.m; sourceTree = "<group>"; };
		B4FA3093107929CD00CA91EA /* NSData+Base64.h */ = {isa = PBXFileReference; fileEncoding = 4; lastKnownFileType = sourcecode.c.h; path = "NSData+Base64.h"; sourceTree = "<group>"; };
		B4FA3094107929CD00CA91EA /* NSData+Base64.m */ = {isa = PBXFileReference; fileEncoding = 4; lastKnownFileType = sourcecode.c.objc; path = "NSData+Base64.m"; sourceTree = "<group>"; };
		B4FA3095107929CD00CA91EA /* NSString+UUID.h */ = {isa = PBXFileReference; fileEncoding = 4; lastKnownFileType = sourcecode.c.h; path = "NSString+UUID.h"; sourceTree = "<group>"; };
		B4FA3096107929CD00CA91EA /* NSString+UUID.m */ = {isa = PBXFileReference; fileEncoding = 4; lastKnownFileType = sourcecode.c.objc; path = "NSString+UUID.m"; sourceTree = "<group>"; };
		B4FA3097107929CD00CA91EA /* README.txt */ = {isa = PBXFileReference; fileEncoding = 4; lastKnownFileType = text; path = README.txt; sourceTree = "<group>"; };
		B4FA3098107929CD00CA91EA /* Source Code License.rtf */ = {isa = PBXFileReference; lastKnownFileType = text.rtf; path = "Source Code License.rtf"; sourceTree = "<group>"; };
		B4FA30D810792D8000CA91EA /* libxml2.2.7.3.dylib */ = {isa = PBXFileReference; lastKnownFileType = "compiled.mach-o.dylib"; name = libxml2.2.7.3.dylib; path = usr/lib/libxml2.2.7.3.dylib; sourceTree = SDKROOT; };
		B4FA3128107931A600CA91EA /* libicucore.dylib */ = {isa = PBXFileReference; lastKnownFileType = "compiled.mach-o.dylib"; name = libicucore.dylib; path = usr/lib/libicucore.dylib; sourceTree = SDKROOT; };
/* End PBXFileReference section */

/* Begin PBXFrameworksBuildPhase section */
		1D60588F0D05DD3D006BFB54 /* Frameworks */ = {
			isa = PBXFrameworksBuildPhase;
			buildActionMask = 2147483647;
			files = (
				1D60589F0D05DD5A006BFB54 /* Foundation.framework in Frameworks */,
				1DF5F4E00D08C38300B7A737 /* UIKit.framework in Frameworks */,
				288765080DF74369002DB57D /* CoreGraphics.framework in Frameworks */,
				B4CF35C510802CE100D6D204 /* libxml2.dylib in Frameworks */,
				B4B78B8610812C960048C4A2 /* Security.framework in Frameworks */,
			);
			runOnlyForDeploymentPostprocessing = 0;
		};
/* End PBXFrameworksBuildPhase section */

/* Begin PBXGroup section */
		080E96DDFE201D6D7F000001 /* Classes */ = {
			isa = PBXGroup;
			children = (
				B4B78B33108125960048C4A2 /* keychain */,
				28216C950DB411BC00E5133A /* FirstViewController.h */,
				28216C960DB411BC00E5133A /* FirstViewController.m */,
				1D3623240D0F684500981E51 /* tweet_only_iphoneAppDelegate.h */,
				1D3623250D0F684500981E51 /* tweet_only_iphoneAppDelegate.m */,
			);
			path = Classes;
			sourceTree = "<group>";
		};
		19C28FACFE9D520D11CA2CBB /* Products */ = {
			isa = PBXGroup;
			children = (
				1D6058910D05DD3D006BFB54 /* Tweet Only.app */,
			);
			name = Products;
			sourceTree = "<group>";
		};
		29B97314FDCFA39411CA2CEA /* tweet-only-iphone */ = {
			isa = PBXGroup;
			children = (
				B4FA306A107929CD00CA91EA /* MGTwitterEngine-1.0.8 */,
				080E96DDFE201D6D7F000001 /* Classes */,
				29B97315FDCFA39411CA2CEA /* Other Sources */,
				29B97317FDCFA39411CA2CEA /* Resources */,
				29B97323FDCFA39411CA2CEA /* Frameworks */,
				19C28FACFE9D520D11CA2CBB /* Products */,
				B4FA30D810792D8000CA91EA /* libxml2.2.7.3.dylib */,
				B4FA3128107931A600CA91EA /* libicucore.dylib */,
				B4CF35C410802CE100D6D204 /* libxml2.dylib */,
				B4B78B5D108128270048C4A2 /* crt3.o */,
				B4B78B8510812C960048C4A2 /* Security.framework */,
			);
			name = "tweet-only-iphone";
			sourceTree = "<group>";
		};
		29B97315FDCFA39411CA2CEA /* Other Sources */ = {
			isa = PBXGroup;
			children = (
				28A0AB4B0D9B1048005BE974 /* tweet_only_iphone_Prefix.pch */,
				29B97316FDCFA39411CA2CEA /* main.m */,
			);
			name = "Other Sources";
			sourceTree = "<group>";
		};
		29B97317FDCFA39411CA2CEA /* Resources */ = {
			isa = PBXGroup;
			children = (
				B4B78C38108148500048C4A2 /* MainWindow.xib */,
				8D1107310486CEB800E47090 /* tweet_only_iphone-Info.plist */,
			);
			name = Resources;
			sourceTree = "<group>";
		};
		29B97323FDCFA39411CA2CEA /* Frameworks */ = {
			isa = PBXGroup;
			children = (
				1DF5F4DF0D08C38300B7A737 /* UIKit.framework */,
				1D30AB110D05D00D00671497 /* Foundation.framework */,
				288765070DF74369002DB57D /* CoreGraphics.framework */,
			);
			name = Frameworks;
			sourceTree = "<group>";
		};
		B4B78B33108125960048C4A2 /* keychain */ = {
			isa = PBXGroup;
			children = (
				B4B78B34108125AD0048C4A2 /* KeychainUtils.h */,
				B4B78B35108125AD0048C4A2 /* KeychainUtils.m */,
			);
			name = keychain;
			sourceTree = "<group>";
		};
		B4FA306A107929CD00CA91EA /* MGTwitterEngine-1.0.8 */ = {
			isa = PBXGroup;
			children = (
				B4FA3073107929CD00CA91EA /* MGTwitterEngine.h */,
				B4FA3074107929CD00CA91EA /* MGTwitterEngine.m */,
				B4FA3078107929CD00CA91EA /* MGTwitterEngine_Prefix.pch */,
				B4FA3079107929CD00CA91EA /* MGTwitterEngineDelegate.h */,
				B4FA307A107929CD00CA91EA /* MGTwitterEngineGlobalHeader.h */,
				B4FA307B107929CD00CA91EA /* MGTwitterHTTPURLConnection.h */,
				B4FA307C107929CD00CA91EA /* MGTwitterHTTPURLConnection.m */,
				B4FA307D107929CD00CA91EA /* MGTwitterLibXMLParser.h */,
				B4FA307E107929CD00CA91EA /* MGTwitterLibXMLParser.m */,
				B4FA307F107929CD00CA91EA /* MGTwitterMessagesLibXMLParser.h */,
				B4FA3080107929CD00CA91EA /* MGTwitterMessagesLibXMLParser.m */,
				B4FA3081107929CD00CA91EA /* MGTwitterMessagesParser.h */,
				B4FA3082107929CD00CA91EA /* MGTwitterMessagesParser.m */,
				B4FA3083107929CD00CA91EA /* MGTwitterMiscLibXMLParser.h */,
				B4FA3084107929CD00CA91EA /* MGTwitterMiscLibXMLParser.m */,
				B4FA3085107929CD00CA91EA /* MGTwitterMiscParser.h */,
				B4FA3086107929CD00CA91EA /* MGTwitterMiscParser.m */,
				B4FA3087107929CD00CA91EA /* MGTwitterParserDelegate.h */,
				B4FA3088107929CD00CA91EA /* MGTwitterRequestTypes.h */,
				B4FA3089107929CD00CA91EA /* MGTwitterStatusesLibXMLParser.h */,
				B4FA308A107929CD00CA91EA /* MGTwitterStatusesLibXMLParser.m */,
				B4FA308B107929CD00CA91EA /* MGTwitterStatusesParser.h */,
				B4FA308C107929CD00CA91EA /* MGTwitterStatusesParser.m */,
				B4FA308D107929CD00CA91EA /* MGTwitterUsersLibXMLParser.h */,
				B4FA308E107929CD00CA91EA /* MGTwitterUsersLibXMLParser.m */,
				B4FA308F107929CD00CA91EA /* MGTwitterUsersParser.h */,
				B4FA3090107929CD00CA91EA /* MGTwitterUsersParser.m */,
				B4FA3091107929CD00CA91EA /* MGTwitterXMLParser.h */,
				B4FA3092107929CD00CA91EA /* MGTwitterXMLParser.m */,
				B4FA3093107929CD00CA91EA /* NSData+Base64.h */,
				B4FA3094107929CD00CA91EA /* NSData+Base64.m */,
				B4FA3095107929CD00CA91EA /* NSString+UUID.h */,
				B4FA3096107929CD00CA91EA /* NSString+UUID.m */,
				B4FA3097107929CD00CA91EA /* README.txt */,
				B4FA3098107929CD00CA91EA /* Source Code License.rtf */,
			);
			path = "MGTwitterEngine-1.0.8";
			sourceTree = "<group>";
		};
/* End PBXGroup section */

/* Begin PBXNativeTarget section */
		1D6058900D05DD3D006BFB54 /* Tweet Only */ = {
			isa = PBXNativeTarget;
			buildConfigurationList = 1D6058960D05DD3E006BFB54 /* Build configuration list for PBXNativeTarget "Tweet Only" */;
			buildPhases = (
				1D60588D0D05DD3D006BFB54 /* Resources */,
				1D60588E0D05DD3D006BFB54 /* Sources */,
				1D60588F0D05DD3D006BFB54 /* Frameworks */,
			);
			buildRules = (
			);
			dependencies = (
			);
			name = "Tweet Only";
			productName = "tweet-only-iphone";
			productReference = 1D6058910D05DD3D006BFB54 /* Tweet Only.app */;
			productType = "com.apple.product-type.application";
		};
/* End PBXNativeTarget section */

/* Begin PBXProject section */
		29B97313FDCFA39411CA2CEA /* Project object */ = {
			isa = PBXProject;
			buildConfigurationList = C01FCF4E08A954540054247B /* Build configuration list for PBXProject "tweet-only-iphone" */;
			compatibilityVersion = "Xcode 3.1";
			hasScannedForEncodings = 1;
			mainGroup = 29B97314FDCFA39411CA2CEA /* tweet-only-iphone */;
			projectDirPath = "";
			projectRoot = "";
			targets = (
				1D6058900D05DD3D006BFB54 /* Tweet Only */,
			);
		};
/* End PBXProject section */

/* Begin PBXResourcesBuildPhase section */
		1D60588D0D05DD3D006BFB54 /* Resources */ = {
			isa = PBXResourcesBuildPhase;
			buildActionMask = 2147483647;
			files = (
				B4FA30AD107929CD00CA91EA /* README.txt in Resources */,
				B4FA30AE107929CD00CA91EA /* Source Code License.rtf in Resources */,
				B4B78C39108148500048C4A2 /* MainWindow.xib in Resources */,
			);
			runOnlyForDeploymentPostprocessing = 0;
		};
/* End PBXResourcesBuildPhase section */

/* Begin PBXSourcesBuildPhase section */
		1D60588E0D05DD3D006BFB54 /* Sources */ = {
			isa = PBXSourcesBuildPhase;
			buildActionMask = 2147483647;
			files = (
				1D60589B0D05DD56006BFB54 /* main.m in Sources */,
				1D3623260D0F684500981E51 /* tweet_only_iphoneAppDelegate.m in Sources */,
				28216C970DB411BC00E5133A /* FirstViewController.m in Sources */,
				B4FA309F107929CD00CA91EA /* MGTwitterEngine.m in Sources */,
				B4FA30A0107929CD00CA91EA /* MGTwitterHTTPURLConnection.m in Sources */,
				B4FA30A1107929CD00CA91EA /* MGTwitterLibXMLParser.m in Sources */,
				B4FA30A2107929CD00CA91EA /* MGTwitterMessagesLibXMLParser.m in Sources */,
				B4FA30A3107929CD00CA91EA /* MGTwitterMessagesParser.m in Sources */,
				B4FA30A4107929CD00CA91EA /* MGTwitterMiscLibXMLParser.m in Sources */,
				B4FA30A5107929CD00CA91EA /* MGTwitterMiscParser.m in Sources */,
				B4FA30A6107929CD00CA91EA /* MGTwitterStatusesLibXMLParser.m in Sources */,
				B4FA30A7107929CD00CA91EA /* MGTwitterStatusesParser.m in Sources */,
				B4FA30A8107929CD00CA91EA /* MGTwitterUsersLibXMLParser.m in Sources */,
				B4FA30A9107929CD00CA91EA /* MGTwitterUsersParser.m in Sources */,
				B4FA30AA107929CD00CA91EA /* MGTwitterXMLParser.m in Sources */,
				B4FA30AB107929CD00CA91EA /* NSData+Base64.m in Sources */,
				B4FA30AC107929CD00CA91EA /* NSString+UUID.m in Sources */,
				B4B78B36108125AD0048C4A2 /* KeychainUtils.m in Sources */,
			);
			runOnlyForDeploymentPostprocessing = 0;
		};
/* End PBXSourcesBuildPhase section */

/* Begin XCBuildConfiguration section */
		1D6058940D05DD3E006BFB54 /* Debug */ = {
			isa = XCBuildConfiguration;
			buildSettings = {
				ALWAYS_SEARCH_USER_PATHS = NO;
				COPY_PHASE_STRIP = NO;
				GCC_DYNAMIC_NO_PIC = NO;
				GCC_OPTIMIZATION_LEVEL = 0;
				GCC_PRECOMPILE_PREFIX_HEADER = YES;
				GCC_PREFIX_HEADER = tweet_only_iphone_Prefix.pch;
				HEADER_SEARCH_PATHS = "${SDKROOT}/usr/include/libxml2/**";
				INFOPLIST_FILE = "tweet_only_iphone-Info.plist";
				PRODUCT_NAME = "Tweet Only";
				SDKROOT = iphoneos2.0;
			};
			name = Debug;
		};
		1D6058950D05DD3E006BFB54 /* Release */ = {
			isa = XCBuildConfiguration;
			buildSettings = {
				ALWAYS_SEARCH_USER_PATHS = NO;
				COPY_PHASE_STRIP = YES;
				GCC_PRECOMPILE_PREFIX_HEADER = YES;
				GCC_PREFIX_HEADER = tweet_only_iphone_Prefix.pch;
				INFOPLIST_FILE = "tweet_only_iphone-Info.plist";
				PRODUCT_NAME = "tweet-only-iphone";
			};
			name = Release;
		};
		C01FCF4F08A954540054247B /* Debug */ = {
			isa = XCBuildConfiguration;
			buildSettings = {
				ARCHS = "$(ARCHS_STANDARD_32_BIT)";
				"CODE_SIGN_IDENTITY[sdk=iphoneos*]" = "iPhone Developer";
				GCC_C_LANGUAGE_STANDARD = c99;
				GCC_WARN_ABOUT_RETURN_TYPE = YES;
				GCC_WARN_UNUSED_VARIABLE = YES;
				PREBINDING = NO;
				SDKROOT = iphoneos3.1;
			};
			name = Debug;
		};
		C01FCF5008A954540054247B /* Release */ = {
			isa = XCBuildConfiguration;
			buildSettings = {
				ARCHS = "$(ARCHS_STANDARD_32_BIT)";
				"CODE_SIGN_IDENTITY[sdk=iphoneos*]" = "iPhone Developer";
				GCC_C_LANGUAGE_STANDARD = c99;
				GCC_WARN_ABOUT_RETURN_TYPE = YES;
				GCC_WARN_UNUSED_VARIABLE = YES;
				PREBINDING = NO;
				SDKROOT = iphoneos3.1;
			};
			name = Release;
		};
/* End XCBuildConfiguration section */

/* Begin XCConfigurationList section */
		1D6058960D05DD3E006BFB54 /* Build configuration list for PBXNativeTarget "Tweet Only" */ = {
			isa = XCConfigurationList;
			buildConfigurations = (
				1D6058940D05DD3E006BFB54 /* Debug */,
				1D6058950D05DD3E006BFB54 /* Release */,
			);
			defaultConfigurationIsVisible = 0;
			defaultConfigurationName = Release;
		};
		C01FCF4E08A954540054247B /* Build configuration list for PBXProject "tweet-only-iphone" */ = {
			isa = XCConfigurationList;
			buildConfigurations = (
				C01FCF4F08A954540054247B /* Debug */,
				C01FCF5008A954540054247B /* Release */,
			);
			defaultConfigurationIsVisible = 0;
			defaultConfigurationName = Release;
		};
/* End XCConfigurationList section */
	};
	rootObject = 29B97313FDCFA39411CA2CEA /* Project object */;
}
